{
  "version": 4,
  "terraform_version": "1.0.8",
  "serial": 62,
  "lineage": "3a70635a-a646-f681-e7e1-616362775aa6",
  "outputs": {
    "EXT_LB_URL": {
      "value": "http://34.102.30.128",
      "type": "string"
    },
    "SSH_TO_SPOKE2": {
      "value": "ssh paloalto@34.94.102.153",
      "type": "string"
    },
    "VMSERIES01_ACCESS": {
      "value": "https://34.94.231.229",
      "type": "string"
    },
    "VMSERIES02_ACCESS": {
      "value": "https://34.94.191.255",
      "type": "string"
    },
    "VM_PASSWORD": {
      "value": "Pal0Alt0@123",
      "type": "string"
    },
    "VM_USERNAME": {
      "value": "paloalto",
      "type": "string"
    }
  },
  "resources": [
    {
      "mode": "data",
      "type": "google_client_config",
      "name": "current",
      "provider": "provider[\"registry.terraform.io/hashicorp/google\"]",
      "instances": [
        {
          "schema_version": 0,
          "attributes": {
            "access_token": "ya29.c.KqgBGghRdip-6jmSFdarqj4qOQARFAUCZv0e8sJmuacJarGVLrCTm50QHYQohnalU3Kw8rS_r6BlrUvIJ9cAHodpRghImxYX2IGf0jZccRIoSGbi87rFAFktRzHzu0HE-AsKcNJkryEzNSRttL20eYB958sJbBrbYf7RgcEpFkWeTHP6_gX0kFt-iI_Fe6fEvf0WtmsYGuuLfPZdfZpluq-IOH1rrifDrr_c",
            "id": "projects/host-4502127/regions/us-west2/zones/",
            "project": "host-4502127",
            "region": "us-west2",
            "zone": ""
          },
          "sensitive_attributes": []
        }
      ]
    },
    {
      "mode": "data",
      "type": "google_compute_zones",
      "name": "main",
      "provider": "provider[\"registry.terraform.io/hashicorp/google\"]",
      "instances": [
        {
          "schema_version": 0,
          "attributes": {
            "id": "projects/host-4502127/regions/us-west2",
            "names": [
              "us-west2-a",
              "us-west2-b",
              "us-west2-c"
            ],
            "project": "host-4502127",
            "region": "us-west2",
            "status": null
          },
          "sensitive_attributes": []
        }
      ]
    },
    {
      "mode": "managed",
      "type": "google_compute_forwarding_rule",
      "name": "internal_lb",
      "provider": "provider[\"registry.terraform.io/hashicorp/google\"]",
      "instances": [
        {
          "schema_version": 0,
          "attributes": {
            "all_ports": true,
            "allow_global_access": true,
            "backend_service": "projects/host-4502127/regions/us-west2/backendServices/wusmw-backend",
            "creation_timestamp": "2021-11-30T17:21:59.585-08:00",
            "description": "",
            "id": "projects/host-4502127/regions/us-west2/forwardingRules/wusmw-internal-lb",
            "ip_address": "10.0.2.4",
            "ip_protocol": "TCP",
            "is_mirroring_collector": false,
            "label_fingerprint": "42WmSpB8rSM=",
            "labels": null,
            "load_balancing_scheme": "INTERNAL",
            "name": "wusmw-internal-lb",
            "network": "projects/host-4502127/global/networks/wusmw-trust-vpc",
            "network_tier": "PREMIUM",
            "port_range": "",
            "ports": null,
            "project": "host-4502127",
            "region": "us-west2",
            "self_link": "https://www.googleapis.com/compute/v1/projects/host-4502127/regions/us-west2/forwardingRules/wusmw-internal-lb",
            "service_label": "",
            "service_name": "",
            "subnetwork": "https://www.googleapis.com/compute/v1/projects/host-4502127/regions/us-west2/subnetworks/trust-us-west2",
            "target": "",
            "timeouts": null
          },
          "sensitive_attributes": [],
          "private": "eyJlMmJmYjczMC1lY2FhLTExZTYtOGY4OC0zNDM2M2JjN2M0YzAiOnsiY3JlYXRlIjo2MDAwMDAwMDAwMDAsImRlbGV0ZSI6NjAwMDAwMDAwMDAwLCJ1cGRhdGUiOjYwMDAwMDAwMDAwMH19",
          "dependencies": [
            "data.google_compute_zones.main",
            "google_compute_health_check.internal_lb",
            "google_compute_region_backend_service.internal_lb",
            "module.bootstrap.google_storage_bucket.bootstrap",
            "module.bootstrap.google_storage_bucket_object.config_empty",
            "module.bootstrap.google_storage_bucket_object.config_full",
            "module.bootstrap.google_storage_bucket_object.content_empty",
            "module.bootstrap.google_storage_bucket_object.content_full",
            "module.bootstrap.google_storage_bucket_object.license_empty",
            "module.bootstrap.google_storage_bucket_object.license_full",
            "module.bootstrap.google_storage_bucket_object.plugins_empty",
            "module.bootstrap.google_storage_bucket_object.plugins_full",
            "module.bootstrap.google_storage_bucket_object.software_empty",
            "module.bootstrap.google_storage_bucket_object.software_full",
            "module.bootstrap.local_file.authcodes",
            "module.bootstrap.random_string.randomstring",
            "module.vmseries.data.google_compute_subnetwork.main",
            "module.vmseries.google_compute_address.private",
            "module.vmseries.google_compute_address.public",
            "module.vmseries.google_compute_instance.main",
            "module.vmseries.google_compute_instance_group.main",
            "module.vpc_mgmt.google_compute_network.main",
            "module.vpc_mgmt.google_compute_subnetwork.main",
            "module.vpc_trust.google_compute_network.main",
            "module.vpc_trust.google_compute_subnetwork.main",
            "module.vpc_untrust.google_compute_network.main",
            "module.vpc_untrust.google_compute_subnetwork.main",
            "random_string.main"
          ]
        }
      ]
    },
    {
      "mode": "managed",
      "type": "google_compute_forwarding_rule",
      "name": "public_lb",
      "provider": "provider[\"registry.terraform.io/hashicorp/google\"]",
      "instances": [
        {
          "schema_version": 0,
          "attributes": {
            "all_ports": false,
            "allow_global_access": false,
            "backend_service": "projects/host-4502127/regions/us-west2/backendServices/wusmw-public-lb-backend",
            "creation_timestamp": "2021-11-30T17:21:59.481-08:00",
            "description": "",
            "id": "projects/host-4502127/regions/us-west2/forwardingRules/wusmw-public-lb",
            "ip_address": "34.102.30.128",
            "ip_protocol": "TCP",
            "is_mirroring_collector": false,
            "label_fingerprint": "42WmSpB8rSM=",
            "labels": null,
            "load_balancing_scheme": "EXTERNAL",
            "name": "wusmw-public-lb",
            "network": "",
            "network_tier": "PREMIUM",
            "port_range": "80",
            "ports": null,
            "project": "host-4502127",
            "region": "us-west2",
            "self_link": "https://www.googleapis.com/compute/v1/projects/host-4502127/regions/us-west2/forwardingRules/wusmw-public-lb",
            "service_label": "",
            "service_name": "",
            "subnetwork": "",
            "target": "",
            "timeouts": null
          },
          "sensitive_attributes": [],
          "private": "eyJlMmJmYjczMC1lY2FhLTExZTYtOGY4OC0zNDM2M2JjN2M0YzAiOnsiY3JlYXRlIjo2MDAwMDAwMDAwMDAsImRlbGV0ZSI6NjAwMDAwMDAwMDAwLCJ1cGRhdGUiOjYwMDAwMDAwMDAwMH19",
          "dependencies": [
            "data.google_compute_zones.main",
            "google_compute_region_backend_service.public_lb",
            "google_compute_region_health_check.public_lb",
            "module.bootstrap.google_storage_bucket.bootstrap",
            "module.bootstrap.google_storage_bucket_object.config_empty",
            "module.bootstrap.google_storage_bucket_object.config_full",
            "module.bootstrap.google_storage_bucket_object.content_empty",
            "module.bootstrap.google_storage_bucket_object.content_full",
            "module.bootstrap.google_storage_bucket_object.license_empty",
            "module.bootstrap.google_storage_bucket_object.license_full",
            "module.bootstrap.google_storage_bucket_object.plugins_empty",
            "module.bootstrap.google_storage_bucket_object.plugins_full",
            "module.bootstrap.google_storage_bucket_object.software_empty",
            "module.bootstrap.google_storage_bucket_object.software_full",
            "module.bootstrap.local_file.authcodes",
            "module.bootstrap.random_string.randomstring",
            "module.vmseries.data.google_compute_subnetwork.main",
            "module.vmseries.google_compute_address.private",
            "module.vmseries.google_compute_address.public",
            "module.vmseries.google_compute_instance.main",
            "module.vmseries.google_compute_instance_group.main",
            "module.vpc_mgmt.google_compute_network.main",
            "module.vpc_mgmt.google_compute_subnetwork.main",
            "module.vpc_trust.google_compute_network.main",
            "module.vpc_trust.google_compute_subnetwork.main",
            "module.vpc_untrust.google_compute_network.main",
            "module.vpc_untrust.google_compute_subnetwork.main",
            "random_string.main"
          ]
        }
      ]
    },
    {
      "mode": "managed",
      "type": "google_compute_forwarding_rule",
      "name": "spoke1_lb",
      "provider": "provider[\"registry.terraform.io/hashicorp/google\"]",
      "instances": [
        {
          "schema_version": 0,
          "attributes": {
            "all_ports": false,
            "allow_global_access": true,
            "backend_service": "projects/host-4502127/regions/us-west2/backendServices/wusmw-backend-spoke1",
            "creation_timestamp": "2021-11-30T17:21:31.488-08:00",
            "description": "",
            "id": "projects/host-4502127/regions/us-west2/forwardingRules/wusmw-internal-lb-spoke1",
            "ip_address": "10.1.0.10",
            "ip_protocol": "TCP",
            "is_mirroring_collector": false,
            "label_fingerprint": "42WmSpB8rSM=",
            "labels": null,
            "load_balancing_scheme": "INTERNAL",
            "name": "wusmw-internal-lb-spoke1",
            "network": "projects/host-4502127/global/networks/wusmw-spoke1-vpc",
            "network_tier": "PREMIUM",
            "port_range": "",
            "ports": [
              "80"
            ],
            "project": "host-4502127",
            "region": "us-west2",
            "self_link": "https://www.googleapis.com/compute/v1/projects/host-4502127/regions/us-west2/forwardingRules/wusmw-internal-lb-spoke1",
            "service_label": "",
            "service_name": "",
            "subnetwork": "https://www.googleapis.com/compute/v1/projects/host-4502127/regions/us-west2/subnetworks/spoke1-us-west2",
            "target": "",
            "timeouts": null
          },
          "sensitive_attributes": [],
          "private": "eyJlMmJmYjczMC1lY2FhLTExZTYtOGY4OC0zNDM2M2JjN2M0YzAiOnsiY3JlYXRlIjo2MDAwMDAwMDAwMDAsImRlbGV0ZSI6NjAwMDAwMDAwMDAwLCJ1cGRhdGUiOjYwMDAwMDAwMDAwMH19",
          "dependencies": [
            "data.google_compute_zones.main",
            "google_compute_health_check.spoke1_lb",
            "google_compute_instance.spoke1_vm1",
            "google_compute_instance.spoke1_vm2",
            "google_compute_instance_group.spoke1_lb",
            "google_compute_region_backend_service.spoke1_lb",
            "module.vpc_spoke1.google_compute_network.main",
            "module.vpc_spoke1.google_compute_subnetwork.main",
            "random_string.main"
          ]
        }
      ]
    },
    {
      "mode": "managed",
      "type": "google_compute_health_check",
      "name": "internal_lb",
      "provider": "provider[\"registry.terraform.io/hashicorp/google\"]",
      "instances": [
        {
          "schema_version": 0,
          "attributes": {
            "check_interval_sec": 5,
            "creation_timestamp": "2021-11-30T17:19:46.072-08:00",
            "description": "",
            "grpc_health_check": [],
            "healthy_threshold": 2,
            "http2_health_check": [],
            "http_health_check": [],
            "https_health_check": [],
            "id": "projects/host-4502127/global/healthChecks/wusmw-hc-tcp80",
            "log_config": [
              {
                "enable": false
              }
            ],
            "name": "wusmw-hc-tcp80",
            "project": "host-4502127",
            "self_link": "https://www.googleapis.com/compute/v1/projects/host-4502127/global/healthChecks/wusmw-hc-tcp80",
            "ssl_health_check": [],
            "tcp_health_check": [
              {
                "port": 80,
                "port_name": "",
                "port_specification": "",
                "proxy_header": "NONE",
                "request": "",
                "response": ""
              }
            ],
            "timeout_sec": 5,
            "timeouts": null,
            "type": "TCP",
            "unhealthy_threshold": 2
          },
          "sensitive_attributes": [],
          "private": "eyJlMmJmYjczMC1lY2FhLTExZTYtOGY4OC0zNDM2M2JjN2M0YzAiOnsiY3JlYXRlIjoyNDAwMDAwMDAwMDAsImRlbGV0ZSI6MjQwMDAwMDAwMDAwLCJ1cGRhdGUiOjI0MDAwMDAwMDAwMH19",
          "dependencies": [
            "random_string.main"
          ]
        }
      ]
    },
    {
      "mode": "managed",
      "type": "google_compute_health_check",
      "name": "spoke1_lb",
      "provider": "provider[\"registry.terraform.io/hashicorp/google\"]",
      "instances": [
        {
          "schema_version": 0,
          "attributes": {
            "check_interval_sec": 5,
            "creation_timestamp": "2021-11-30T17:19:46.100-08:00",
            "description": "",
            "grpc_health_check": [],
            "healthy_threshold": 2,
            "http2_health_check": [],
            "http_health_check": [],
            "https_health_check": [],
            "id": "projects/host-4502127/global/healthChecks/wusmw-hc-tcp80-spoke1",
            "log_config": [
              {
                "enable": false
              }
            ],
            "name": "wusmw-hc-tcp80-spoke1",
            "project": "host-4502127",
            "self_link": "https://www.googleapis.com/compute/v1/projects/host-4502127/global/healthChecks/wusmw-hc-tcp80-spoke1",
            "ssl_health_check": [],
            "tcp_health_check": [
              {
                "port": 80,
                "port_name": "",
                "port_specification": "",
                "proxy_header": "NONE",
                "request": "",
                "response": ""
              }
            ],
            "timeout_sec": 5,
            "timeouts": null,
            "type": "TCP",
            "unhealthy_threshold": 2
          },
          "sensitive_attributes": [],
          "private": "eyJlMmJmYjczMC1lY2FhLTExZTYtOGY4OC0zNDM2M2JjN2M0YzAiOnsiY3JlYXRlIjoyNDAwMDAwMDAwMDAsImRlbGV0ZSI6MjQwMDAwMDAwMDAwLCJ1cGRhdGUiOjI0MDAwMDAwMDAwMH19",
          "dependencies": [
            "random_string.main"
          ]
        }
      ]
    },
    {
      "mode": "managed",
      "type": "google_compute_instance",
      "name": "spoke1_vm1",
      "provider": "provider[\"registry.terraform.io/hashicorp/google\"]",
      "instances": [
        {
          "schema_version": 6,
          "attributes": {
            "advanced_machine_features": [],
            "allow_stopping_for_update": true,
            "attached_disk": [],
            "boot_disk": [
              {
                "auto_delete": true,
                "device_name": "persistent-disk-0",
                "disk_encryption_key_raw": "",
                "disk_encryption_key_sha256": "",
                "initialize_params": [
                  {
                    "image": "https://www.googleapis.com/compute/v1/projects/panw-gcp-team-testing/global/images/ubuntu-2004-lts-apache",
                    "labels": {},
                    "size": 10,
                    "type": "pd-standard"
                  }
                ],
                "kms_key_self_link": "",
                "mode": "READ_WRITE",
                "source": "https://www.googleapis.com/compute/v1/projects/host-4502127/zones/us-west2-a/disks/wusmw-spoke1-vm1"
              }
            ],
            "can_ip_forward": false,
            "confidential_instance_config": [],
            "cpu_platform": "Intel Skylake",
            "current_status": "RUNNING",
            "deletion_protection": false,
            "description": "",
            "desired_status": null,
            "enable_display": false,
            "guest_accelerator": [],
            "hostname": "",
            "id": "projects/host-4502127/zones/us-west2-a/instances/wusmw-spoke1-vm1",
            "instance_id": "8232947388986913541",
            "label_fingerprint": "42WmSpB8rSM=",
            "labels": null,
            "machine_type": "f1-micro",
            "metadata": {
              "serial-port-enable": "true",
              "ssh-keys": "demouser:ssh-rsa AAAAB3NzaC1yc2EAAAADAQABAAABgQC6vfWuxOIVkfcEHlA96jW5s6EDxmyc3tDIfuuRiB5ACUXlqDurUVdbSXoeP94R5q2o2ig79krAQ5jF+puq49/Fz8SXYLOcrzcqpP8x9gMt+Q1ODQACOuME7T28D95H8y898zkXrgE2fYdA3QVPdFb/rFnDZ7Bgbm9lZ7+2HDHf6FOCFkjUeh9r32wyJcxbAycNlDlIHJlJEzUBZYBEcgJT32UdlidLSNknovSUIy8+QvA1v+hSsg0S2oG0RA6nzHq51SvARTc63SMHa3Bv4w1myH2WR8B+SZVB3GLa8P9D89o6PDfRQVTfxO9eJWOX9iMiN4Dv0IWVVkqFSRTzIEw14s4cUcTDEwXMN3kJDU+3ya36bZqF6omXI9yt8QzrFeol67v61Dujp/Q8dDr2OMxzfcUpIOdIBhQBCJr/SF9tSlxuEZupryyvg7wxXGXqW8zK0fu2rgMM2iAjbljOrT3WYAhW5m10GV6tiE3hN6Q/qoUCRgeu4Nor8z9ZoubJIhc= gcp-demo\n"
            },
            "metadata_fingerprint": "d4DoxkcLNvc=",
            "metadata_startup_script": "",
            "min_cpu_platform": "",
            "name": "wusmw-spoke1-vm1",
            "network_interface": [
              {
                "access_config": [],
                "alias_ip_range": [],
                "ipv6_access_config": [],
                "ipv6_access_type": "",
                "name": "nic0",
                "network": "https://www.googleapis.com/compute/v1/projects/host-4502127/global/networks/wusmw-spoke1-vpc",
                "network_ip": "10.1.0.3",
                "nic_type": "",
                "stack_type": "IPV4_ONLY",
                "subnetwork": "https://www.googleapis.com/compute/v1/projects/host-4502127/regions/us-west2/subnetworks/spoke1-us-west2",
                "subnetwork_project": "host-4502127"
              }
            ],
            "project": "host-4502127",
            "reservation_affinity": [],
            "resource_policies": null,
            "scheduling": [
              {
                "automatic_restart": true,
                "min_node_cpus": 0,
                "node_affinities": [],
                "on_host_maintenance": "MIGRATE",
                "preemptible": false
              }
            ],
            "scratch_disk": [],
            "self_link": "https://www.googleapis.com/compute/v1/projects/host-4502127/zones/us-west2-a/instances/wusmw-spoke1-vm1",
            "service_account": [
              {
                "email": "357308197253-compute@developer.gserviceaccount.com",
                "scopes": [
                  "https://www.googleapis.com/auth/cloud.useraccounts.readonly",
                  "https://www.googleapis.com/auth/devstorage.read_only",
                  "https://www.googleapis.com/auth/logging.write",
                  "https://www.googleapis.com/auth/monitoring.write"
                ]
              }
            ],
            "shielded_instance_config": [
              {
                "enable_integrity_monitoring": true,
                "enable_secure_boot": false,
                "enable_vtpm": true
              }
            ],
            "tags": null,
            "tags_fingerprint": "42WmSpB8rSM=",
            "timeouts": null,
            "zone": "us-west2-a"
          },
          "sensitive_attributes": [],
          "private": "eyJlMmJmYjczMC1lY2FhLTExZTYtOGY4OC0zNDM2M2JjN2M0YzAiOnsiY3JlYXRlIjoxMjAwMDAwMDAwMDAwLCJkZWxldGUiOjEyMDAwMDAwMDAwMDAsInVwZGF0ZSI6MTIwMDAwMDAwMDAwMH0sInNjaGVtYV92ZXJzaW9uIjoiNiJ9",
          "dependencies": [
            "data.google_compute_zones.main",
            "module.vpc_spoke1.google_compute_network.main",
            "module.vpc_spoke1.google_compute_subnetwork.main",
            "random_string.main"
          ]
        }
      ]
    },
    {
      "mode": "managed",
      "type": "google_compute_instance",
      "name": "spoke1_vm2",
      "provider": "provider[\"registry.terraform.io/hashicorp/google\"]",
      "instances": [
        {
          "schema_version": 6,
          "attributes": {
            "advanced_machine_features": [],
            "allow_stopping_for_update": true,
            "attached_disk": [],
            "boot_disk": [
              {
                "auto_delete": true,
                "device_name": "persistent-disk-0",
                "disk_encryption_key_raw": "",
                "disk_encryption_key_sha256": "",
                "initialize_params": [
                  {
                    "image": "https://www.googleapis.com/compute/v1/projects/panw-gcp-team-testing/global/images/ubuntu-2004-lts-apache",
                    "labels": {},
                    "size": 10,
                    "type": "pd-standard"
                  }
                ],
                "kms_key_self_link": "",
                "mode": "READ_WRITE",
                "source": "https://www.googleapis.com/compute/v1/projects/host-4502127/zones/us-west2-a/disks/wusmw-spoke1-vm2"
              }
            ],
            "can_ip_forward": false,
            "confidential_instance_config": [],
            "cpu_platform": "Intel Skylake",
            "current_status": "RUNNING",
            "deletion_protection": false,
            "description": "",
            "desired_status": null,
            "enable_display": false,
            "guest_accelerator": [],
            "hostname": "",
            "id": "projects/host-4502127/zones/us-west2-a/instances/wusmw-spoke1-vm2",
            "instance_id": "4028805843704836869",
            "label_fingerprint": "42WmSpB8rSM=",
            "labels": null,
            "machine_type": "f1-micro",
            "metadata": {
              "serial-port-enable": "true",
              "ssh-keys": "demouser:ssh-rsa AAAAB3NzaC1yc2EAAAADAQABAAABgQC6vfWuxOIVkfcEHlA96jW5s6EDxmyc3tDIfuuRiB5ACUXlqDurUVdbSXoeP94R5q2o2ig79krAQ5jF+puq49/Fz8SXYLOcrzcqpP8x9gMt+Q1ODQACOuME7T28D95H8y898zkXrgE2fYdA3QVPdFb/rFnDZ7Bgbm9lZ7+2HDHf6FOCFkjUeh9r32wyJcxbAycNlDlIHJlJEzUBZYBEcgJT32UdlidLSNknovSUIy8+QvA1v+hSsg0S2oG0RA6nzHq51SvARTc63SMHa3Bv4w1myH2WR8B+SZVB3GLa8P9D89o6PDfRQVTfxO9eJWOX9iMiN4Dv0IWVVkqFSRTzIEw14s4cUcTDEwXMN3kJDU+3ya36bZqF6omXI9yt8QzrFeol67v61Dujp/Q8dDr2OMxzfcUpIOdIBhQBCJr/SF9tSlxuEZupryyvg7wxXGXqW8zK0fu2rgMM2iAjbljOrT3WYAhW5m10GV6tiE3hN6Q/qoUCRgeu4Nor8z9ZoubJIhc= gcp-demo\n"
            },
            "metadata_fingerprint": "d4DoxkcLNvc=",
            "metadata_startup_script": "",
            "min_cpu_platform": "",
            "name": "wusmw-spoke1-vm2",
            "network_interface": [
              {
                "access_config": [],
                "alias_ip_range": [],
                "ipv6_access_config": [],
                "ipv6_access_type": "",
                "name": "nic0",
                "network": "https://www.googleapis.com/compute/v1/projects/host-4502127/global/networks/wusmw-spoke1-vpc",
                "network_ip": "10.1.0.2",
                "nic_type": "",
                "stack_type": "IPV4_ONLY",
                "subnetwork": "https://www.googleapis.com/compute/v1/projects/host-4502127/regions/us-west2/subnetworks/spoke1-us-west2",
                "subnetwork_project": "host-4502127"
              }
            ],
            "project": "host-4502127",
            "reservation_affinity": [],
            "resource_policies": null,
            "scheduling": [
              {
                "automatic_restart": true,
                "min_node_cpus": 0,
                "node_affinities": [],
                "on_host_maintenance": "MIGRATE",
                "preemptible": false
              }
            ],
            "scratch_disk": [],
            "self_link": "https://www.googleapis.com/compute/v1/projects/host-4502127/zones/us-west2-a/instances/wusmw-spoke1-vm2",
            "service_account": [
              {
                "email": "357308197253-compute@developer.gserviceaccount.com",
                "scopes": [
                  "https://www.googleapis.com/auth/cloud.useraccounts.readonly",
                  "https://www.googleapis.com/auth/devstorage.read_only",
                  "https://www.googleapis.com/auth/logging.write",
                  "https://www.googleapis.com/auth/monitoring.write"
                ]
              }
            ],
            "shielded_instance_config": [
              {
                "enable_integrity_monitoring": true,
                "enable_secure_boot": false,
                "enable_vtpm": true
              }
            ],
            "tags": null,
            "tags_fingerprint": "42WmSpB8rSM=",
            "timeouts": null,
            "zone": "us-west2-a"
          },
          "sensitive_attributes": [],
          "private": "eyJlMmJmYjczMC1lY2FhLTExZTYtOGY4OC0zNDM2M2JjN2M0YzAiOnsiY3JlYXRlIjoxMjAwMDAwMDAwMDAwLCJkZWxldGUiOjEyMDAwMDAwMDAwMDAsInVwZGF0ZSI6MTIwMDAwMDAwMDAwMH0sInNjaGVtYV92ZXJzaW9uIjoiNiJ9",
          "dependencies": [
            "data.google_compute_zones.main",
            "module.vpc_spoke1.google_compute_network.main",
            "module.vpc_spoke1.google_compute_subnetwork.main",
            "random_string.main"
          ]
        }
      ]
    },
    {
      "mode": "managed",
      "type": "google_compute_instance",
      "name": "spoke2_vm2",
      "provider": "provider[\"registry.terraform.io/hashicorp/google\"]",
      "instances": [
        {
          "schema_version": 6,
          "attributes": {
            "advanced_machine_features": [],
            "allow_stopping_for_update": true,
            "attached_disk": [],
            "boot_disk": [
              {
                "auto_delete": true,
                "device_name": "persistent-disk-0",
                "disk_encryption_key_raw": "",
                "disk_encryption_key_sha256": "",
                "initialize_params": [
                  {
                    "image": "https://www.googleapis.com/compute/v1/projects/panw-gcp-team-testing/global/images/ubuntu-2004-lts-apache",
                    "labels": {},
                    "size": 10,
                    "type": "pd-standard"
                  }
                ],
                "kms_key_self_link": "",
                "mode": "READ_WRITE",
                "source": "https://www.googleapis.com/compute/v1/projects/host-4502127/zones/us-west2-a/disks/wusmw-spoke2-vm1"
              }
            ],
            "can_ip_forward": false,
            "confidential_instance_config": [],
            "cpu_platform": "Intel Skylake",
            "current_status": "RUNNING",
            "deletion_protection": false,
            "description": "",
            "desired_status": null,
            "enable_display": false,
            "guest_accelerator": [],
            "hostname": "",
            "id": "projects/host-4502127/zones/us-west2-a/instances/wusmw-spoke2-vm1",
            "instance_id": "321143645754061595",
            "label_fingerprint": "42WmSpB8rSM=",
            "labels": null,
            "machine_type": "f1-micro",
            "metadata": {
              "serial-port-enable": "true",
              "ssh-keys": "demouser:ssh-rsa AAAAB3NzaC1yc2EAAAADAQABAAABgQC6vfWuxOIVkfcEHlA96jW5s6EDxmyc3tDIfuuRiB5ACUXlqDurUVdbSXoeP94R5q2o2ig79krAQ5jF+puq49/Fz8SXYLOcrzcqpP8x9gMt+Q1ODQACOuME7T28D95H8y898zkXrgE2fYdA3QVPdFb/rFnDZ7Bgbm9lZ7+2HDHf6FOCFkjUeh9r32wyJcxbAycNlDlIHJlJEzUBZYBEcgJT32UdlidLSNknovSUIy8+QvA1v+hSsg0S2oG0RA6nzHq51SvARTc63SMHa3Bv4w1myH2WR8B+SZVB3GLa8P9D89o6PDfRQVTfxO9eJWOX9iMiN4Dv0IWVVkqFSRTzIEw14s4cUcTDEwXMN3kJDU+3ya36bZqF6omXI9yt8QzrFeol67v61Dujp/Q8dDr2OMxzfcUpIOdIBhQBCJr/SF9tSlxuEZupryyvg7wxXGXqW8zK0fu2rgMM2iAjbljOrT3WYAhW5m10GV6tiE3hN6Q/qoUCRgeu4Nor8z9ZoubJIhc= gcp-demo\n"
            },
            "metadata_fingerprint": "d4DoxkcLNvc=",
            "metadata_startup_script": "",
            "min_cpu_platform": "",
            "name": "wusmw-spoke2-vm1",
            "network_interface": [
              {
                "access_config": [],
                "alias_ip_range": [],
                "ipv6_access_config": [],
                "ipv6_access_type": "",
                "name": "nic0",
                "network": "https://www.googleapis.com/compute/v1/projects/host-4502127/global/networks/wusmw-spoke2-vpc",
                "network_ip": "10.2.0.10",
                "nic_type": "",
                "stack_type": "IPV4_ONLY",
                "subnetwork": "https://www.googleapis.com/compute/v1/projects/host-4502127/regions/us-west2/subnetworks/spoke2-us-west2",
                "subnetwork_project": "host-4502127"
              }
            ],
            "project": "host-4502127",
            "reservation_affinity": [],
            "resource_policies": null,
            "scheduling": [
              {
                "automatic_restart": true,
                "min_node_cpus": 0,
                "node_affinities": [],
                "on_host_maintenance": "MIGRATE",
                "preemptible": false
              }
            ],
            "scratch_disk": [],
            "self_link": "https://www.googleapis.com/compute/v1/projects/host-4502127/zones/us-west2-a/instances/wusmw-spoke2-vm1",
            "service_account": [
              {
                "email": "357308197253-compute@developer.gserviceaccount.com",
                "scopes": [
                  "https://www.googleapis.com/auth/cloud.useraccounts.readonly",
                  "https://www.googleapis.com/auth/devstorage.read_only",
                  "https://www.googleapis.com/auth/logging.write",
                  "https://www.googleapis.com/auth/monitoring.write"
                ]
              }
            ],
            "shielded_instance_config": [
              {
                "enable_integrity_monitoring": true,
                "enable_secure_boot": false,
                "enable_vtpm": true
              }
            ],
            "tags": null,
            "tags_fingerprint": "42WmSpB8rSM=",
            "timeouts": null,
            "zone": "us-west2-a"
          },
          "sensitive_attributes": [],
          "private": "eyJlMmJmYjczMC1lY2FhLTExZTYtOGY4OC0zNDM2M2JjN2M0YzAiOnsiY3JlYXRlIjoxMjAwMDAwMDAwMDAwLCJkZWxldGUiOjEyMDAwMDAwMDAwMDAsInVwZGF0ZSI6MTIwMDAwMDAwMDAwMH0sInNjaGVtYV92ZXJzaW9uIjoiNiJ9",
          "dependencies": [
            "data.google_compute_zones.main",
            "module.vpc_spoke2.google_compute_network.main",
            "module.vpc_spoke2.google_compute_subnetwork.main",
            "random_string.main"
          ]
        }
      ]
    },
    {
      "mode": "managed",
      "type": "google_compute_instance_group",
      "name": "spoke1_lb",
      "provider": "provider[\"registry.terraform.io/hashicorp/google\"]",
      "instances": [
        {
          "schema_version": 2,
          "attributes": {
            "description": "",
            "id": "projects/host-4502127/zones/us-west2-a/instanceGroups/wusmw-ig-spoke1",
            "instances": [
              "projects/host-4502127/zones/us-west2-a/instances/wusmw-spoke1-vm1",
              "projects/host-4502127/zones/us-west2-a/instances/wusmw-spoke1-vm2"
            ],
            "name": "wusmw-ig-spoke1",
            "named_port": [],
            "network": "https://www.googleapis.com/compute/v1/projects/host-4502127/global/networks/wusmw-spoke1-vpc",
            "project": "host-4502127",
            "self_link": "https://www.googleapis.com/compute/v1/projects/host-4502127/zones/us-west2-a/instanceGroups/wusmw-ig-spoke1",
            "size": 2,
            "timeouts": null,
            "zone": "us-west2-a"
          },
          "sensitive_attributes": [],
          "private": "eyJlMmJmYjczMC1lY2FhLTExZTYtOGY4OC0zNDM2M2JjN2M0YzAiOnsiY3JlYXRlIjozNjAwMDAwMDAwMDAsImRlbGV0ZSI6MzYwMDAwMDAwMDAwLCJ1cGRhdGUiOjM2MDAwMDAwMDAwMH0sInNjaGVtYV92ZXJzaW9uIjoiMiJ9",
          "dependencies": [
            "data.google_compute_zones.main",
            "google_compute_instance.spoke1_vm1",
            "google_compute_instance.spoke1_vm2",
            "module.vpc_spoke1.google_compute_network.main",
            "module.vpc_spoke1.google_compute_subnetwork.main",
            "random_string.main"
          ]
        }
      ]
    },
    {
      "mode": "managed",
      "type": "google_compute_network_peering",
      "name": "spoke1_to_trust",
      "provider": "provider[\"registry.terraform.io/hashicorp/google\"]",
      "instances": [
        {
          "schema_version": 0,
          "attributes": {
            "export_custom_routes": false,
            "export_subnet_routes_with_public_ip": true,
            "id": "wusmw-spoke1-vpc/wusmw-spoke1-to-trust",
            "import_custom_routes": true,
            "import_subnet_routes_with_public_ip": false,
            "name": "wusmw-spoke1-to-trust",
            "network": "projects/host-4502127/global/networks/wusmw-spoke1-vpc",
            "peer_network": "https://www.googleapis.com/compute/v1/projects/host-4502127/global/networks/wusmw-trust-vpc",
            "state": "INACTIVE",
            "state_details": "[2021-11-30T17:20:22.129-08:00]: Waiting for peer network to connect.",
            "timeouts": null
          },
          "sensitive_attributes": [],
          "private": "eyJlMmJmYjczMC1lY2FhLTExZTYtOGY4OC0zNDM2M2JjN2M0YzAiOnsiY3JlYXRlIjoyNDAwMDAwMDAwMDAsImRlbGV0ZSI6MjQwMDAwMDAwMDAwLCJ1cGRhdGUiOjI0MDAwMDAwMDAwMH19",
          "dependencies": [
            "module.vpc_spoke1.google_compute_network.main",
            "module.vpc_trust.google_compute_network.main",
            "random_string.main"
          ]
        }
      ]
    },
    {
      "mode": "managed",
      "type": "google_compute_network_peering",
      "name": "spoke2_to_trust",
      "provider": "provider[\"registry.terraform.io/hashicorp/google\"]",
      "instances": [
        {
          "schema_version": 0,
          "attributes": {
            "export_custom_routes": false,
            "export_subnet_routes_with_public_ip": true,
            "id": "wusmw-spoke2-vpc/wusmw-spoke2-to-trust",
            "import_custom_routes": true,
            "import_subnet_routes_with_public_ip": false,
            "name": "wusmw-spoke2-to-trust",
            "network": "projects/host-4502127/global/networks/wusmw-spoke2-vpc",
            "peer_network": "https://www.googleapis.com/compute/v1/projects/host-4502127/global/networks/wusmw-trust-vpc",
            "state": "INACTIVE",
            "state_details": "[2021-11-30T17:20:09.259-08:00]: Waiting for peer network to connect.",
            "timeouts": null
          },
          "sensitive_attributes": [],
          "private": "eyJlMmJmYjczMC1lY2FhLTExZTYtOGY4OC0zNDM2M2JjN2M0YzAiOnsiY3JlYXRlIjoyNDAwMDAwMDAwMDAsImRlbGV0ZSI6MjQwMDAwMDAwMDAwLCJ1cGRhdGUiOjI0MDAwMDAwMDAwMH19",
          "dependencies": [
            "module.vpc_spoke2.google_compute_network.main",
            "module.vpc_trust.google_compute_network.main",
            "random_string.main"
          ]
        }
      ]
    },
    {
      "mode": "managed",
      "type": "google_compute_network_peering",
      "name": "trust_to_spoke1",
      "provider": "provider[\"registry.terraform.io/hashicorp/google\"]",
      "instances": [
        {
          "schema_version": 0,
          "attributes": {
            "export_custom_routes": true,
            "export_subnet_routes_with_public_ip": true,
            "id": "wusmw-trust-vpc/wusmw-trust-to-spoke1",
            "import_custom_routes": false,
            "import_subnet_routes_with_public_ip": false,
            "name": "wusmw-trust-to-spoke1",
            "network": "projects/host-4502127/global/networks/wusmw-trust-vpc",
            "peer_network": "https://www.googleapis.com/compute/v1/projects/host-4502127/global/networks/wusmw-spoke1-vpc",
            "state": "ACTIVE",
            "state_details": "[2021-11-30T17:20:25.056-08:00]: Connected.",
            "timeouts": null
          },
          "sensitive_attributes": [],
          "private": "eyJlMmJmYjczMC1lY2FhLTExZTYtOGY4OC0zNDM2M2JjN2M0YzAiOnsiY3JlYXRlIjoyNDAwMDAwMDAwMDAsImRlbGV0ZSI6MjQwMDAwMDAwMDAwLCJ1cGRhdGUiOjI0MDAwMDAwMDAwMH19",
          "dependencies": [
            "module.vpc_spoke1.google_compute_network.main",
            "module.vpc_trust.google_compute_network.main",
            "random_string.main"
          ]
        }
      ]
    },
    {
      "mode": "managed",
      "type": "google_compute_network_peering",
      "name": "trust_to_spoke2",
      "provider": "provider[\"registry.terraform.io/hashicorp/google\"]",
      "instances": [
        {
          "schema_version": 0,
          "attributes": {
            "export_custom_routes": true,
            "export_subnet_routes_with_public_ip": true,
            "id": "wusmw-trust-vpc/wusmw-trust-to-spoke2",
            "import_custom_routes": false,
            "import_subnet_routes_with_public_ip": false,
            "name": "wusmw-trust-to-spoke2",
            "network": "projects/host-4502127/global/networks/wusmw-trust-vpc",
            "peer_network": "https://www.googleapis.com/compute/v1/projects/host-4502127/global/networks/wusmw-spoke2-vpc",
            "state": "ACTIVE",
            "state_details": "[2021-11-30T17:20:13.397-08:00]: Connected.",
            "timeouts": null
          },
          "sensitive_attributes": [],
          "private": "eyJlMmJmYjczMC1lY2FhLTExZTYtOGY4OC0zNDM2M2JjN2M0YzAiOnsiY3JlYXRlIjoyNDAwMDAwMDAwMDAsImRlbGV0ZSI6MjQwMDAwMDAwMDAwLCJ1cGRhdGUiOjI0MDAwMDAwMDAwMH19",
          "dependencies": [
            "module.vpc_spoke2.google_compute_network.main",
            "module.vpc_trust.google_compute_network.main",
            "random_string.main"
          ]
        }
      ]
    },
    {
      "mode": "managed",
      "type": "google_compute_region_backend_service",
      "name": "internal_lb",
      "provider": "provider[\"registry.terraform.io/hashicorp/google\"]",
      "instances": [
        {
          "schema_version": 1,
          "attributes": {
            "affinity_cookie_ttl_sec": 0,
            "backend": [
              {
                "balancing_mode": "CONNECTION",
                "capacity_scaler": 0,
                "description": "",
                "failover": false,
                "group": "https://www.googleapis.com/compute/v1/projects/host-4502127/zones/us-west2-a/instanceGroups/wusmw-vmseries01-us-west2-a-ig",
                "max_connections": 0,
                "max_connections_per_endpoint": 0,
                "max_connections_per_instance": 0,
                "max_rate": 0,
                "max_rate_per_endpoint": 0,
                "max_rate_per_instance": 0,
                "max_utilization": 0
              },
              {
                "balancing_mode": "CONNECTION",
                "capacity_scaler": 0,
                "description": "",
                "failover": false,
                "group": "https://www.googleapis.com/compute/v1/projects/host-4502127/zones/us-west2-a/instanceGroups/wusmw-vmseries02-us-west2-a-ig",
                "max_connections": 0,
                "max_connections_per_endpoint": 0,
                "max_connections_per_instance": 0,
                "max_rate": 0,
                "max_rate_per_endpoint": 0,
                "max_rate_per_instance": 0,
                "max_utilization": 0
              }
            ],
            "cdn_policy": [],
            "circuit_breakers": [],
            "connection_draining_timeout_sec": 0,
            "consistent_hash": [],
            "creation_timestamp": "2021-11-30T17:21:46.509-08:00",
            "description": "",
            "enable_cdn": false,
            "failover_policy": [],
            "fingerprint": "oJ-hMvtrXI4=",
            "health_checks": [
              "projects/host-4502127/global/healthChecks/wusmw-hc-tcp80"
            ],
            "iap": [],
            "id": "projects/host-4502127/regions/us-west2/backendServices/wusmw-backend",
            "load_balancing_scheme": "INTERNAL",
            "locality_lb_policy": "",
            "log_config": [],
            "name": "wusmw-backend",
            "network": "https://www.googleapis.com/compute/v1/projects/host-4502127/global/networks/wusmw-trust-vpc",
            "outlier_detection": [],
            "port_name": "",
            "project": "host-4502127",
            "protocol": "TCP",
            "region": "us-west2",
            "self_link": "https://www.googleapis.com/compute/v1/projects/host-4502127/regions/us-west2/backendServices/wusmw-backend",
            "session_affinity": "NONE",
            "timeout_sec": 30,
            "timeouts": null
          },
          "sensitive_attributes": [],
          "private": "eyJlMmJmYjczMC1lY2FhLTExZTYtOGY4OC0zNDM2M2JjN2M0YzAiOnsiY3JlYXRlIjoyNDAwMDAwMDAwMDAsImRlbGV0ZSI6MjQwMDAwMDAwMDAwLCJ1cGRhdGUiOjI0MDAwMDAwMDAwMH0sInNjaGVtYV92ZXJzaW9uIjoiMSJ9",
          "dependencies": [
            "data.google_compute_zones.main",
            "google_compute_health_check.internal_lb",
            "module.bootstrap.google_storage_bucket.bootstrap",
            "module.bootstrap.google_storage_bucket_object.config_empty",
            "module.bootstrap.google_storage_bucket_object.config_full",
            "module.bootstrap.google_storage_bucket_object.content_empty",
            "module.bootstrap.google_storage_bucket_object.content_full",
            "module.bootstrap.google_storage_bucket_object.license_empty",
            "module.bootstrap.google_storage_bucket_object.license_full",
            "module.bootstrap.google_storage_bucket_object.plugins_empty",
            "module.bootstrap.google_storage_bucket_object.plugins_full",
            "module.bootstrap.google_storage_bucket_object.software_empty",
            "module.bootstrap.google_storage_bucket_object.software_full",
            "module.bootstrap.local_file.authcodes",
            "module.bootstrap.random_string.randomstring",
            "module.vmseries.data.google_compute_subnetwork.main",
            "module.vmseries.google_compute_address.private",
            "module.vmseries.google_compute_address.public",
            "module.vmseries.google_compute_instance.main",
            "module.vmseries.google_compute_instance_group.main",
            "module.vpc_mgmt.google_compute_network.main",
            "module.vpc_mgmt.google_compute_subnetwork.main",
            "module.vpc_trust.google_compute_network.main",
            "module.vpc_trust.google_compute_subnetwork.main",
            "module.vpc_untrust.google_compute_network.main",
            "module.vpc_untrust.google_compute_subnetwork.main",
            "random_string.main"
          ]
        }
      ]
    },
    {
      "mode": "managed",
      "type": "google_compute_region_backend_service",
      "name": "public_lb",
      "provider": "provider[\"registry.terraform.io/hashicorp/google\"]",
      "instances": [
        {
          "schema_version": 1,
          "attributes": {
            "affinity_cookie_ttl_sec": 0,
            "backend": [
              {
                "balancing_mode": "CONNECTION",
                "capacity_scaler": 0,
                "description": "",
                "failover": false,
                "group": "https://www.googleapis.com/compute/v1/projects/host-4502127/zones/us-west2-a/instanceGroups/wusmw-vmseries01-us-west2-a-ig",
                "max_connections": 0,
                "max_connections_per_endpoint": 0,
                "max_connections_per_instance": 0,
                "max_rate": 0,
                "max_rate_per_endpoint": 0,
                "max_rate_per_instance": 0,
                "max_utilization": 0
              },
              {
                "balancing_mode": "CONNECTION",
                "capacity_scaler": 0,
                "description": "",
                "failover": false,
                "group": "https://www.googleapis.com/compute/v1/projects/host-4502127/zones/us-west2-a/instanceGroups/wusmw-vmseries02-us-west2-a-ig",
                "max_connections": 0,
                "max_connections_per_endpoint": 0,
                "max_connections_per_instance": 0,
                "max_rate": 0,
                "max_rate_per_endpoint": 0,
                "max_rate_per_instance": 0,
                "max_utilization": 0
              }
            ],
            "cdn_policy": [],
            "circuit_breakers": [],
            "connection_draining_timeout_sec": 0,
            "consistent_hash": [],
            "creation_timestamp": "2021-11-30T17:21:46.492-08:00",
            "description": "",
            "enable_cdn": false,
            "failover_policy": [],
            "fingerprint": "Z0j7rHiYkF8=",
            "health_checks": [
              "projects/host-4502127/regions/us-west2/healthChecks/wusmw-hc-tcp80"
            ],
            "iap": [],
            "id": "projects/host-4502127/regions/us-west2/backendServices/wusmw-public-lb-backend",
            "load_balancing_scheme": "EXTERNAL",
            "locality_lb_policy": "",
            "log_config": [],
            "name": "wusmw-public-lb-backend",
            "network": "",
            "outlier_detection": [],
            "port_name": "http",
            "project": "host-4502127",
            "protocol": "TCP",
            "region": "us-west2",
            "self_link": "https://www.googleapis.com/compute/v1/projects/host-4502127/regions/us-west2/backendServices/wusmw-public-lb-backend",
            "session_affinity": "NONE",
            "timeout_sec": 30,
            "timeouts": null
          },
          "sensitive_attributes": [],
          "private": "eyJlMmJmYjczMC1lY2FhLTExZTYtOGY4OC0zNDM2M2JjN2M0YzAiOnsiY3JlYXRlIjoyNDAwMDAwMDAwMDAsImRlbGV0ZSI6MjQwMDAwMDAwMDAwLCJ1cGRhdGUiOjI0MDAwMDAwMDAwMH0sInNjaGVtYV92ZXJzaW9uIjoiMSJ9",
          "dependencies": [
            "data.google_compute_zones.main",
            "google_compute_region_health_check.public_lb",
            "module.bootstrap.google_storage_bucket.bootstrap",
            "module.bootstrap.google_storage_bucket_object.config_empty",
            "module.bootstrap.google_storage_bucket_object.config_full",
            "module.bootstrap.google_storage_bucket_object.content_empty",
            "module.bootstrap.google_storage_bucket_object.content_full",
            "module.bootstrap.google_storage_bucket_object.license_empty",
            "module.bootstrap.google_storage_bucket_object.license_full",
            "module.bootstrap.google_storage_bucket_object.plugins_empty",
            "module.bootstrap.google_storage_bucket_object.plugins_full",
            "module.bootstrap.google_storage_bucket_object.software_empty",
            "module.bootstrap.google_storage_bucket_object.software_full",
            "module.bootstrap.local_file.authcodes",
            "module.bootstrap.random_string.randomstring",
            "module.vmseries.data.google_compute_subnetwork.main",
            "module.vmseries.google_compute_address.private",
            "module.vmseries.google_compute_address.public",
            "module.vmseries.google_compute_instance.main",
            "module.vmseries.google_compute_instance_group.main",
            "module.vpc_mgmt.google_compute_network.main",
            "module.vpc_mgmt.google_compute_subnetwork.main",
            "module.vpc_trust.google_compute_network.main",
            "module.vpc_trust.google_compute_subnetwork.main",
            "module.vpc_untrust.google_compute_network.main",
            "module.vpc_untrust.google_compute_subnetwork.main",
            "random_string.main"
          ]
        }
      ]
    },
    {
      "mode": "managed",
      "type": "google_compute_region_backend_service",
      "name": "spoke1_lb",
      "provider": "provider[\"registry.terraform.io/hashicorp/google\"]",
      "instances": [
        {
          "schema_version": 1,
          "attributes": {
            "affinity_cookie_ttl_sec": 0,
            "backend": [
              {
                "balancing_mode": "CONNECTION",
                "capacity_scaler": 0,
                "description": "",
                "failover": false,
                "group": "https://www.googleapis.com/compute/v1/projects/host-4502127/zones/us-west2-a/instanceGroups/wusmw-ig-spoke1",
                "max_connections": 0,
                "max_connections_per_endpoint": 0,
                "max_connections_per_instance": 0,
                "max_rate": 0,
                "max_rate_per_endpoint": 0,
                "max_rate_per_instance": 0,
                "max_utilization": 0
              }
            ],
            "cdn_policy": [],
            "circuit_breakers": [],
            "connection_draining_timeout_sec": 0,
            "consistent_hash": [],
            "creation_timestamp": "2021-11-30T17:21:18.778-08:00",
            "description": "",
            "enable_cdn": false,
            "failover_policy": [],
            "fingerprint": "_XW_stGpa1Q=",
            "health_checks": [
              "projects/host-4502127/global/healthChecks/wusmw-hc-tcp80-spoke1"
            ],
            "iap": [],
            "id": "projects/host-4502127/regions/us-west2/backendServices/wusmw-backend-spoke1",
            "load_balancing_scheme": "INTERNAL",
            "locality_lb_policy": "",
            "log_config": [],
            "name": "wusmw-backend-spoke1",
            "network": "https://www.googleapis.com/compute/v1/projects/host-4502127/global/networks/wusmw-spoke1-vpc",
            "outlier_detection": [],
            "port_name": "",
            "project": "host-4502127",
            "protocol": "TCP",
            "region": "us-west2",
            "self_link": "https://www.googleapis.com/compute/v1/projects/host-4502127/regions/us-west2/backendServices/wusmw-backend-spoke1",
            "session_affinity": "NONE",
            "timeout_sec": 30,
            "timeouts": null
          },
          "sensitive_attributes": [],
          "private": "eyJlMmJmYjczMC1lY2FhLTExZTYtOGY4OC0zNDM2M2JjN2M0YzAiOnsiY3JlYXRlIjoyNDAwMDAwMDAwMDAsImRlbGV0ZSI6MjQwMDAwMDAwMDAwLCJ1cGRhdGUiOjI0MDAwMDAwMDAwMH0sInNjaGVtYV92ZXJzaW9uIjoiMSJ9",
          "dependencies": [
            "data.google_compute_zones.main",
            "google_compute_health_check.spoke1_lb",
            "google_compute_instance.spoke1_vm1",
            "google_compute_instance.spoke1_vm2",
            "google_compute_instance_group.spoke1_lb",
            "module.vpc_spoke1.google_compute_network.main",
            "module.vpc_spoke1.google_compute_subnetwork.main",
            "random_string.main"
          ]
        }
      ]
    },
    {
      "mode": "managed",
      "type": "google_compute_region_health_check",
      "name": "public_lb",
      "provider": "provider[\"registry.terraform.io/hashicorp/google\"]",
      "instances": [
        {
          "schema_version": 0,
          "attributes": {
            "check_interval_sec": 5,
            "creation_timestamp": "2021-11-30T17:19:46.250-08:00",
            "description": "",
            "grpc_health_check": [],
            "healthy_threshold": 2,
            "http2_health_check": [],
            "http_health_check": [],
            "https_health_check": [],
            "id": "projects/host-4502127/regions/us-west2/healthChecks/wusmw-hc-tcp80",
            "log_config": [],
            "name": "wusmw-hc-tcp80",
            "project": "host-4502127",
            "region": "us-west2",
            "self_link": "https://www.googleapis.com/compute/v1/projects/host-4502127/regions/us-west2/healthChecks/wusmw-hc-tcp80",
            "ssl_health_check": [],
            "tcp_health_check": [
              {
                "port": 80,
                "port_name": "",
                "port_specification": "",
                "proxy_header": "NONE",
                "request": "",
                "response": ""
              }
            ],
            "timeout_sec": 5,
            "timeouts": null,
            "type": "TCP",
            "unhealthy_threshold": 2
          },
          "sensitive_attributes": [],
          "private": "eyJlMmJmYjczMC1lY2FhLTExZTYtOGY4OC0zNDM2M2JjN2M0YzAiOnsiY3JlYXRlIjoyNDAwMDAwMDAwMDAsImRlbGV0ZSI6MjQwMDAwMDAwMDAwLCJ1cGRhdGUiOjI0MDAwMDAwMDAwMH19",
          "dependencies": [
            "random_string.main"
          ]
        }
      ]
    },
    {
      "mode": "managed",
      "type": "google_compute_route",
      "name": "internal_lb",
      "provider": "provider[\"registry.terraform.io/hashicorp/google\"]",
      "instances": [
        {
          "schema_version": 0,
          "attributes": {
            "description": "",
            "dest_range": "0.0.0.0/0",
            "id": "projects/host-4502127/global/routes/wusmw-route",
            "name": "wusmw-route",
            "network": "https://www.googleapis.com/compute/v1/projects/host-4502127/global/networks/wusmw-trust-vpc",
            "next_hop_gateway": "",
            "next_hop_ilb": "https://www.googleapis.com/compute/v1/projects/host-4502127/regions/us-west2/forwardingRules/wusmw-internal-lb",
            "next_hop_instance": "",
            "next_hop_instance_zone": null,
            "next_hop_ip": "10.0.2.4",
            "next_hop_network": "",
            "next_hop_vpn_tunnel": "",
            "priority": 1000,
            "project": "host-4502127",
            "self_link": "https://www.googleapis.com/compute/v1/projects/host-4502127/global/routes/wusmw-route",
            "tags": null,
            "timeouts": null
          },
          "sensitive_attributes": [],
          "private": "eyJlMmJmYjczMC1lY2FhLTExZTYtOGY4OC0zNDM2M2JjN2M0YzAiOnsiY3JlYXRlIjoyNDAwMDAwMDAwMDAsImRlbGV0ZSI6MjQwMDAwMDAwMDAwfX0=",
          "dependencies": [
            "data.google_compute_zones.main",
            "google_compute_forwarding_rule.internal_lb",
            "google_compute_health_check.internal_lb",
            "google_compute_region_backend_service.internal_lb",
            "module.bootstrap.google_storage_bucket.bootstrap",
            "module.bootstrap.google_storage_bucket_object.config_empty",
            "module.bootstrap.google_storage_bucket_object.config_full",
            "module.bootstrap.google_storage_bucket_object.content_empty",
            "module.bootstrap.google_storage_bucket_object.content_full",
            "module.bootstrap.google_storage_bucket_object.license_empty",
            "module.bootstrap.google_storage_bucket_object.license_full",
            "module.bootstrap.google_storage_bucket_object.plugins_empty",
            "module.bootstrap.google_storage_bucket_object.plugins_full",
            "module.bootstrap.google_storage_bucket_object.software_empty",
            "module.bootstrap.google_storage_bucket_object.software_full",
            "module.bootstrap.local_file.authcodes",
            "module.bootstrap.random_string.randomstring",
            "module.vmseries.data.google_compute_subnetwork.main",
            "module.vmseries.google_compute_address.private",
            "module.vmseries.google_compute_address.public",
            "module.vmseries.google_compute_instance.main",
            "module.vmseries.google_compute_instance_group.main",
            "module.vpc_mgmt.google_compute_network.main",
            "module.vpc_mgmt.google_compute_subnetwork.main",
            "module.vpc_trust.google_compute_network.main",
            "module.vpc_trust.google_compute_subnetwork.main",
            "module.vpc_untrust.google_compute_network.main",
            "module.vpc_untrust.google_compute_subnetwork.main",
            "random_string.main"
          ]
        }
      ]
    },
    {
      "mode": "managed",
      "type": "random_string",
      "name": "main",
      "provider": "provider[\"registry.terraform.io/hashicorp/random\"]",
      "instances": [
        {
          "schema_version": 1,
          "attributes": {
            "id": "wusmw",
            "keepers": null,
            "length": 5,
            "lower": true,
            "min_lower": 5,
            "min_numeric": 0,
            "min_special": 0,
            "min_upper": 0,
            "number": true,
            "override_special": null,
            "result": "wusmw",
            "special": false,
            "upper": true
          },
          "sensitive_attributes": [],
          "private": "eyJzY2hlbWFfdmVyc2lvbiI6IjEifQ=="
        }
      ]
    },
    {
      "module": "module.bootstrap",
      "mode": "managed",
      "type": "google_storage_bucket",
      "name": "bootstrap",
      "provider": "provider[\"registry.terraform.io/hashicorp/google\"]",
      "instances": [
        {
          "schema_version": 0,
          "attributes": {
            "bucket_policy_only": false,
            "cors": [],
            "default_event_based_hold": false,
            "encryption": [],
            "force_destroy": true,
            "id": "vmseries-demo-bootstrap833c7bdld585vi60szjhdsjc1",
            "labels": null,
            "lifecycle_rule": [],
            "location": "US",
            "logging": [],
            "name": "vmseries-demo-bootstrap833c7bdld585vi60szjhdsjc1",
            "project": "host-4502127",
            "requester_pays": false,
            "retention_policy": [],
            "self_link": "https://www.googleapis.com/storage/v1/b/vmseries-demo-bootstrap833c7bdld585vi60szjhdsjc1",
            "storage_class": "STANDARD",
            "uniform_bucket_level_access": false,
            "url": "gs://vmseries-demo-bootstrap833c7bdld585vi60szjhdsjc1",
            "versioning": [],
            "website": []
          },
          "sensitive_attributes": [],
          "private": "bnVsbA==",
          "dependencies": [
            "module.bootstrap.random_string.randomstring"
          ]
        }
      ]
    },
    {
      "module": "module.bootstrap",
      "mode": "managed",
      "type": "google_storage_bucket_object",
      "name": "config_full",
      "provider": "provider[\"registry.terraform.io/hashicorp/google\"]",
      "instances": [
        {
          "index_key": 0,
          "schema_version": 0,
          "attributes": {
            "bucket": "vmseries-demo-bootstrap833c7bdld585vi60szjhdsjc1",
            "cache_control": "",
            "content": null,
            "content_disposition": "",
            "content_encoding": "",
            "content_language": "",
            "content_type": "text/plain; charset=utf-8",
            "crc32c": "xrPd3w==",
            "customer_encryption": [],
            "detect_md5hash": "EB4Eqevy3a96sI1laWFoqg==",
            "event_based_hold": false,
            "id": "vmseries-demo-bootstrap833c7bdld585vi60szjhdsjc1-config/init-cfg.txt",
            "kms_key_name": "",
            "md5hash": "EB4Eqevy3a96sI1laWFoqg==",
            "media_link": "https://storage.googleapis.com/download/storage/v1/b/vmseries-demo-bootstrap833c7bdld585vi60szjhdsjc1/o/config%2Finit-cfg.txt?generation=1638321587976283\u0026alt=media",
            "metadata": null,
            "name": "config/init-cfg.txt",
            "output_name": "config/init-cfg.txt",
            "self_link": "https://www.googleapis.com/storage/v1/b/vmseries-demo-bootstrap833c7bdld585vi60szjhdsjc1/o/config%2Finit-cfg.txt",
            "source": "bootstrap_files/init-cfg.txt",
            "storage_class": "STANDARD",
            "temporary_hold": false,
            "timeouts": null
          },
          "sensitive_attributes": [],
          "private": "eyJlMmJmYjczMC1lY2FhLTExZTYtOGY4OC0zNDM2M2JjN2M0YzAiOnsiY3JlYXRlIjoyNDAwMDAwMDAwMDAsImRlbGV0ZSI6MjQwMDAwMDAwMDAwLCJ1cGRhdGUiOjI0MDAwMDAwMDAwMH19",
          "dependencies": [
            "module.bootstrap.google_storage_bucket.bootstrap",
            "module.bootstrap.random_string.randomstring"
          ]
        },
        {
          "index_key": 1,
          "schema_version": 0,
          "attributes": {
            "bucket": "vmseries-demo-bootstrap833c7bdld585vi60szjhdsjc1",
            "cache_control": "",
            "content": null,
            "content_disposition": "",
            "content_encoding": "",
            "content_language": "",
            "content_type": "text/xml; charset=utf-8",
            "crc32c": "cNqI6A==",
            "customer_encryption": [],
            "detect_md5hash": "SVH8l+tBn40rvdgAxh4h9g==",
            "event_based_hold": false,
            "id": "vmseries-demo-bootstrap833c7bdld585vi60szjhdsjc1-config/bootstrap.xml",
            "kms_key_name": "",
            "md5hash": "SVH8l+tBn40rvdgAxh4h9g==",
            "media_link": "https://storage.googleapis.com/download/storage/v1/b/vmseries-demo-bootstrap833c7bdld585vi60szjhdsjc1/o/config%2Fbootstrap.xml?generation=1638321587337401\u0026alt=media",
            "metadata": null,
            "name": "config/bootstrap.xml",
            "output_name": "config/bootstrap.xml",
            "self_link": "https://www.googleapis.com/storage/v1/b/vmseries-demo-bootstrap833c7bdld585vi60szjhdsjc1/o/config%2Fbootstrap.xml",
            "source": "bootstrap_files/bootstrap.xml",
            "storage_class": "STANDARD",
            "temporary_hold": false,
            "timeouts": null
          },
          "sensitive_attributes": [],
          "private": "eyJlMmJmYjczMC1lY2FhLTExZTYtOGY4OC0zNDM2M2JjN2M0YzAiOnsiY3JlYXRlIjoyNDAwMDAwMDAwMDAsImRlbGV0ZSI6MjQwMDAwMDAwMDAwLCJ1cGRhdGUiOjI0MDAwMDAwMDAwMH19",
          "dependencies": [
            "module.bootstrap.google_storage_bucket.bootstrap",
            "module.bootstrap.random_string.randomstring"
          ]
        }
      ]
    },
    {
      "module": "module.bootstrap",
      "mode": "managed",
      "type": "google_storage_bucket_object",
      "name": "content_empty",
      "provider": "provider[\"registry.terraform.io/hashicorp/google\"]",
      "instances": [
        {
          "index_key": 0,
          "schema_version": 0,
          "attributes": {
            "bucket": "vmseries-demo-bootstrap833c7bdld585vi60szjhdsjc1",
            "cache_control": "",
            "content": "content/",
            "content_disposition": "",
            "content_encoding": "",
            "content_language": "",
            "content_type": "text/plain; charset=utf-8",
            "crc32c": "DwH0mw==",
            "customer_encryption": [],
            "detect_md5hash": "nAaaIzbP1EZJbCUljoSJBA==",
            "event_based_hold": false,
            "id": "vmseries-demo-bootstrap833c7bdld585vi60szjhdsjc1-content/",
            "kms_key_name": "",
            "md5hash": "nAaaIzbP1EZJbCUljoSJBA==",
            "media_link": "https://storage.googleapis.com/download/storage/v1/b/vmseries-demo-bootstrap833c7bdld585vi60szjhdsjc1/o/content%2F?generation=1638321587985856\u0026alt=media",
            "metadata": null,
            "name": "content/",
            "output_name": "content/",
            "self_link": "https://www.googleapis.com/storage/v1/b/vmseries-demo-bootstrap833c7bdld585vi60szjhdsjc1/o/content%2F",
            "source": null,
            "storage_class": "STANDARD",
            "temporary_hold": false,
            "timeouts": null
          },
          "sensitive_attributes": [],
          "private": "eyJlMmJmYjczMC1lY2FhLTExZTYtOGY4OC0zNDM2M2JjN2M0YzAiOnsiY3JlYXRlIjoyNDAwMDAwMDAwMDAsImRlbGV0ZSI6MjQwMDAwMDAwMDAwLCJ1cGRhdGUiOjI0MDAwMDAwMDAwMH19",
          "dependencies": [
            "module.bootstrap.google_storage_bucket.bootstrap",
            "module.bootstrap.random_string.randomstring"
          ]
        }
      ]
    },
    {
      "module": "module.bootstrap",
      "mode": "managed",
      "type": "google_storage_bucket_object",
      "name": "license_empty",
      "provider": "provider[\"registry.terraform.io/hashicorp/google\"]",
      "instances": [
        {
          "index_key": 0,
          "schema_version": 0,
          "attributes": {
            "bucket": "vmseries-demo-bootstrap833c7bdld585vi60szjhdsjc1",
            "cache_control": "",
            "content": "license/",
            "content_disposition": "",
            "content_encoding": "",
            "content_language": "",
            "content_type": "text/plain; charset=utf-8",
            "crc32c": "gxjVCA==",
            "customer_encryption": [],
            "detect_md5hash": "4SefAws5eOno0XEEWmDisQ==",
            "event_based_hold": false,
            "id": "vmseries-demo-bootstrap833c7bdld585vi60szjhdsjc1-license/",
            "kms_key_name": "",
            "md5hash": "4SefAws5eOno0XEEWmDisQ==",
            "media_link": "https://storage.googleapis.com/download/storage/v1/b/vmseries-demo-bootstrap833c7bdld585vi60szjhdsjc1/o/license%2F?generation=1638321588736223\u0026alt=media",
            "metadata": null,
            "name": "license/",
            "output_name": "license/",
            "self_link": "https://www.googleapis.com/storage/v1/b/vmseries-demo-bootstrap833c7bdld585vi60szjhdsjc1/o/license%2F",
            "source": null,
            "storage_class": "STANDARD",
            "temporary_hold": false,
            "timeouts": null
          },
          "sensitive_attributes": [],
          "private": "eyJlMmJmYjczMC1lY2FhLTExZTYtOGY4OC0zNDM2M2JjN2M0YzAiOnsiY3JlYXRlIjoyNDAwMDAwMDAwMDAsImRlbGV0ZSI6MjQwMDAwMDAwMDAwLCJ1cGRhdGUiOjI0MDAwMDAwMDAwMH19",
          "dependencies": [
            "module.bootstrap.google_storage_bucket.bootstrap",
            "module.bootstrap.random_string.randomstring"
          ]
        }
      ]
    },
    {
      "module": "module.bootstrap",
      "mode": "managed",
      "type": "google_storage_bucket_object",
      "name": "plugins_empty",
      "provider": "provider[\"registry.terraform.io/hashicorp/google\"]",
      "instances": [
        {
          "index_key": 0,
          "schema_version": 0,
          "attributes": {
            "bucket": "vmseries-demo-bootstrap833c7bdld585vi60szjhdsjc1",
            "cache_control": "",
            "content": "plugins/",
            "content_disposition": "",
            "content_encoding": "",
            "content_language": "",
            "content_type": "text/plain; charset=utf-8",
            "crc32c": "TJqmkg==",
            "customer_encryption": [],
            "detect_md5hash": "OMjSSu85cqf4e4NCdOduMQ==",
            "event_based_hold": false,
            "id": "vmseries-demo-bootstrap833c7bdld585vi60szjhdsjc1-plugins/",
            "kms_key_name": "",
            "md5hash": "OMjSSu85cqf4e4NCdOduMQ==",
            "media_link": "https://storage.googleapis.com/download/storage/v1/b/vmseries-demo-bootstrap833c7bdld585vi60szjhdsjc1/o/plugins%2F?generation=1638321588778644\u0026alt=media",
            "metadata": null,
            "name": "plugins/",
            "output_name": "plugins/",
            "self_link": "https://www.googleapis.com/storage/v1/b/vmseries-demo-bootstrap833c7bdld585vi60szjhdsjc1/o/plugins%2F",
            "source": null,
            "storage_class": "STANDARD",
            "temporary_hold": false,
            "timeouts": null
          },
          "sensitive_attributes": [],
          "private": "eyJlMmJmYjczMC1lY2FhLTExZTYtOGY4OC0zNDM2M2JjN2M0YzAiOnsiY3JlYXRlIjoyNDAwMDAwMDAwMDAsImRlbGV0ZSI6MjQwMDAwMDAwMDAwLCJ1cGRhdGUiOjI0MDAwMDAwMDAwMH19",
          "dependencies": [
            "module.bootstrap.google_storage_bucket.bootstrap",
            "module.bootstrap.random_string.randomstring"
          ]
        }
      ]
    },
    {
      "module": "module.bootstrap",
      "mode": "managed",
      "type": "google_storage_bucket_object",
      "name": "software_empty",
      "provider": "provider[\"registry.terraform.io/hashicorp/google\"]",
      "instances": [
        {
          "index_key": 0,
          "schema_version": 0,
          "attributes": {
            "bucket": "vmseries-demo-bootstrap833c7bdld585vi60szjhdsjc1",
            "cache_control": "",
            "content": "software/",
            "content_disposition": "",
            "content_encoding": "",
            "content_language": "",
            "content_type": "text/plain; charset=utf-8",
            "crc32c": "mGh/HQ==",
            "customer_encryption": [],
            "detect_md5hash": "yPp22Nwbngb/iusxIWCLGw==",
            "event_based_hold": false,
            "id": "vmseries-demo-bootstrap833c7bdld585vi60szjhdsjc1-software/",
            "kms_key_name": "",
            "md5hash": "yPp22Nwbngb/iusxIWCLGw==",
            "media_link": "https://storage.googleapis.com/download/storage/v1/b/vmseries-demo-bootstrap833c7bdld585vi60szjhdsjc1/o/software%2F?generation=1638321587338262\u0026alt=media",
            "metadata": null,
            "name": "software/",
            "output_name": "software/",
            "self_link": "https://www.googleapis.com/storage/v1/b/vmseries-demo-bootstrap833c7bdld585vi60szjhdsjc1/o/software%2F",
            "source": null,
            "storage_class": "STANDARD",
            "temporary_hold": false,
            "timeouts": null
          },
          "sensitive_attributes": [],
          "private": "eyJlMmJmYjczMC1lY2FhLTExZTYtOGY4OC0zNDM2M2JjN2M0YzAiOnsiY3JlYXRlIjoyNDAwMDAwMDAwMDAsImRlbGV0ZSI6MjQwMDAwMDAwMDAwLCJ1cGRhdGUiOjI0MDAwMDAwMDAwMH19",
          "dependencies": [
            "module.bootstrap.google_storage_bucket.bootstrap",
            "module.bootstrap.random_string.randomstring"
          ]
        }
      ]
    },
    {
      "module": "module.bootstrap",
      "mode": "managed",
      "type": "random_string",
      "name": "randomstring",
      "provider": "provider[\"registry.terraform.io/hashicorp/random\"]",
      "instances": [
        {
          "schema_version": 1,
          "attributes": {
            "id": "833c7bdld585vi60szjhdsjc1",
            "keepers": null,
            "length": 25,
            "lower": true,
            "min_lower": 15,
            "min_numeric": 10,
            "min_special": 0,
            "min_upper": 0,
            "number": true,
            "override_special": null,
            "result": "833c7bdld585vi60szjhdsjc1",
            "special": false,
            "upper": true
          },
          "sensitive_attributes": [],
          "private": "eyJzY2hlbWFfdmVyc2lvbiI6IjEifQ=="
        }
      ]
    },
    {
      "module": "module.vmseries",
      "mode": "data",
      "type": "google_compute_subnetwork",
      "name": "main",
      "provider": "provider[\"registry.terraform.io/hashicorp/google\"]",
      "instances": [
        {
          "index_key": "vmseries01-0",
          "schema_version": 0,
          "attributes": {
            "description": "",
            "gateway_address": "10.0.1.1",
            "id": "projects/host-4502127/regions/us-west2/subnetworks/untrust-us-west2",
            "ip_cidr_range": "10.0.1.0/28",
            "name": "untrust-us-west2",
            "network": "https://www.googleapis.com/compute/v1/projects/host-4502127/global/networks/wusmw-untrust-vpc",
            "private_ip_google_access": false,
            "project": "host-4502127",
            "region": "us-west2",
            "secondary_ip_range": [],
            "self_link": "https://www.googleapis.com/compute/v1/projects/host-4502127/regions/us-west2/subnetworks/untrust-us-west2"
          },
          "sensitive_attributes": []
        },
        {
          "index_key": "vmseries01-1",
          "schema_version": 0,
          "attributes": {
            "description": "",
            "gateway_address": "10.0.0.1",
            "id": "projects/host-4502127/regions/us-west2/subnetworks/mgmt-us-west2",
            "ip_cidr_range": "10.0.0.0/28",
            "name": "mgmt-us-west2",
            "network": "https://www.googleapis.com/compute/v1/projects/host-4502127/global/networks/wusmw-mgmt-vpc",
            "private_ip_google_access": false,
            "project": "host-4502127",
            "region": "us-west2",
            "secondary_ip_range": [],
            "self_link": "https://www.googleapis.com/compute/v1/projects/host-4502127/regions/us-west2/subnetworks/mgmt-us-west2"
          },
          "sensitive_attributes": []
        },
        {
          "index_key": "vmseries01-2",
          "schema_version": 0,
          "attributes": {
            "description": "",
            "gateway_address": "10.0.2.1",
            "id": "projects/host-4502127/regions/us-west2/subnetworks/trust-us-west2",
            "ip_cidr_range": "10.0.2.0/28",
            "name": "trust-us-west2",
            "network": "https://www.googleapis.com/compute/v1/projects/host-4502127/global/networks/wusmw-trust-vpc",
            "private_ip_google_access": false,
            "project": "host-4502127",
            "region": "us-west2",
            "secondary_ip_range": [],
            "self_link": "https://www.googleapis.com/compute/v1/projects/host-4502127/regions/us-west2/subnetworks/trust-us-west2"
          },
          "sensitive_attributes": []
        },
        {
          "index_key": "vmseries02-0",
          "schema_version": 0,
          "attributes": {
            "description": "",
            "gateway_address": "10.0.1.1",
            "id": "projects/host-4502127/regions/us-west2/subnetworks/untrust-us-west2",
            "ip_cidr_range": "10.0.1.0/28",
            "name": "untrust-us-west2",
            "network": "https://www.googleapis.com/compute/v1/projects/host-4502127/global/networks/wusmw-untrust-vpc",
            "private_ip_google_access": false,
            "project": "host-4502127",
            "region": "us-west2",
            "secondary_ip_range": [],
            "self_link": "https://www.googleapis.com/compute/v1/projects/host-4502127/regions/us-west2/subnetworks/untrust-us-west2"
          },
          "sensitive_attributes": []
        },
        {
          "index_key": "vmseries02-1",
          "schema_version": 0,
          "attributes": {
            "description": "",
            "gateway_address": "10.0.0.1",
            "id": "projects/host-4502127/regions/us-west2/subnetworks/mgmt-us-west2",
            "ip_cidr_range": "10.0.0.0/28",
            "name": "mgmt-us-west2",
            "network": "https://www.googleapis.com/compute/v1/projects/host-4502127/global/networks/wusmw-mgmt-vpc",
            "private_ip_google_access": false,
            "project": "host-4502127",
            "region": "us-west2",
            "secondary_ip_range": [],
            "self_link": "https://www.googleapis.com/compute/v1/projects/host-4502127/regions/us-west2/subnetworks/mgmt-us-west2"
          },
          "sensitive_attributes": []
        },
        {
          "index_key": "vmseries02-2",
          "schema_version": 0,
          "attributes": {
            "description": "",
            "gateway_address": "10.0.2.1",
            "id": "projects/host-4502127/regions/us-west2/subnetworks/trust-us-west2",
            "ip_cidr_range": "10.0.2.0/28",
            "name": "trust-us-west2",
            "network": "https://www.googleapis.com/compute/v1/projects/host-4502127/global/networks/wusmw-trust-vpc",
            "private_ip_google_access": false,
            "project": "host-4502127",
            "region": "us-west2",
            "secondary_ip_range": [],
            "self_link": "https://www.googleapis.com/compute/v1/projects/host-4502127/regions/us-west2/subnetworks/trust-us-west2"
          },
          "sensitive_attributes": []
        }
      ]
    },
    {
      "module": "module.vmseries",
      "mode": "managed",
      "type": "google_compute_address",
      "name": "private",
      "provider": "provider[\"registry.terraform.io/hashicorp/google\"]",
      "instances": [
        {
          "index_key": "vmseries01-0",
          "schema_version": 0,
          "attributes": {
            "address": "10.0.1.2",
            "address_type": "INTERNAL",
            "creation_timestamp": "2021-11-30T17:20:53.467-08:00",
            "description": "",
            "id": "projects/host-4502127/regions/us-west2/addresses/wusmw-vmseries01-nic0",
            "name": "wusmw-vmseries01-nic0",
            "network": "",
            "network_tier": "PREMIUM",
            "prefix_length": 0,
            "project": "host-4502127",
            "purpose": "GCE_ENDPOINT",
            "region": "us-west2",
            "self_link": "https://www.googleapis.com/compute/v1/projects/host-4502127/regions/us-west2/addresses/wusmw-vmseries01-nic0",
            "subnetwork": "https://www.googleapis.com/compute/v1/projects/host-4502127/regions/us-west2/subnetworks/untrust-us-west2",
            "timeouts": null,
            "users": []
          },
          "sensitive_attributes": [],
          "private": "eyJlMmJmYjczMC1lY2FhLTExZTYtOGY4OC0zNDM2M2JjN2M0YzAiOnsiY3JlYXRlIjoyNDAwMDAwMDAwMDAsImRlbGV0ZSI6MjQwMDAwMDAwMDAwfX0=",
          "dependencies": [
            "data.google_compute_zones.main",
            "module.bootstrap.google_storage_bucket.bootstrap",
            "module.bootstrap.google_storage_bucket_object.config_empty",
            "module.bootstrap.google_storage_bucket_object.config_full",
            "module.bootstrap.google_storage_bucket_object.content_empty",
            "module.bootstrap.google_storage_bucket_object.content_full",
            "module.bootstrap.google_storage_bucket_object.license_empty",
            "module.bootstrap.google_storage_bucket_object.license_full",
            "module.bootstrap.google_storage_bucket_object.plugins_empty",
            "module.bootstrap.google_storage_bucket_object.plugins_full",
            "module.bootstrap.google_storage_bucket_object.software_empty",
            "module.bootstrap.google_storage_bucket_object.software_full",
            "module.bootstrap.local_file.authcodes",
            "module.bootstrap.random_string.randomstring",
            "module.vmseries.data.google_compute_subnetwork.main",
            "module.vpc_mgmt.google_compute_network.main",
            "module.vpc_mgmt.google_compute_subnetwork.main",
            "module.vpc_trust.google_compute_network.main",
            "module.vpc_trust.google_compute_subnetwork.main",
            "module.vpc_untrust.google_compute_network.main",
            "module.vpc_untrust.google_compute_subnetwork.main",
            "random_string.main"
          ]
        },
        {
          "index_key": "vmseries01-1",
          "schema_version": 0,
          "attributes": {
            "address": "10.0.0.2",
            "address_type": "INTERNAL",
            "creation_timestamp": "2021-11-30T17:20:53.461-08:00",
            "description": "",
            "id": "projects/host-4502127/regions/us-west2/addresses/wusmw-vmseries01-nic1",
            "name": "wusmw-vmseries01-nic1",
            "network": "",
            "network_tier": "PREMIUM",
            "prefix_length": 0,
            "project": "host-4502127",
            "purpose": "GCE_ENDPOINT",
            "region": "us-west2",
            "self_link": "https://www.googleapis.com/compute/v1/projects/host-4502127/regions/us-west2/addresses/wusmw-vmseries01-nic1",
            "subnetwork": "https://www.googleapis.com/compute/v1/projects/host-4502127/regions/us-west2/subnetworks/mgmt-us-west2",
            "timeouts": null,
            "users": []
          },
          "sensitive_attributes": [],
          "private": "eyJlMmJmYjczMC1lY2FhLTExZTYtOGY4OC0zNDM2M2JjN2M0YzAiOnsiY3JlYXRlIjoyNDAwMDAwMDAwMDAsImRlbGV0ZSI6MjQwMDAwMDAwMDAwfX0=",
          "dependencies": [
            "data.google_compute_zones.main",
            "module.bootstrap.google_storage_bucket.bootstrap",
            "module.bootstrap.google_storage_bucket_object.config_empty",
            "module.bootstrap.google_storage_bucket_object.config_full",
            "module.bootstrap.google_storage_bucket_object.content_empty",
            "module.bootstrap.google_storage_bucket_object.content_full",
            "module.bootstrap.google_storage_bucket_object.license_empty",
            "module.bootstrap.google_storage_bucket_object.license_full",
            "module.bootstrap.google_storage_bucket_object.plugins_empty",
            "module.bootstrap.google_storage_bucket_object.plugins_full",
            "module.bootstrap.google_storage_bucket_object.software_empty",
            "module.bootstrap.google_storage_bucket_object.software_full",
            "module.bootstrap.local_file.authcodes",
            "module.bootstrap.random_string.randomstring",
            "module.vmseries.data.google_compute_subnetwork.main",
            "module.vpc_mgmt.google_compute_network.main",
            "module.vpc_mgmt.google_compute_subnetwork.main",
            "module.vpc_trust.google_compute_network.main",
            "module.vpc_trust.google_compute_subnetwork.main",
            "module.vpc_untrust.google_compute_network.main",
            "module.vpc_untrust.google_compute_subnetwork.main",
            "random_string.main"
          ]
        },
        {
          "index_key": "vmseries01-2",
          "schema_version": 0,
          "attributes": {
            "address": "10.0.2.2",
            "address_type": "INTERNAL",
            "creation_timestamp": "2021-11-30T17:20:53.455-08:00",
            "description": "",
            "id": "projects/host-4502127/regions/us-west2/addresses/wusmw-vmseries01-nic2",
            "name": "wusmw-vmseries01-nic2",
            "network": "",
            "network_tier": "PREMIUM",
            "prefix_length": 0,
            "project": "host-4502127",
            "purpose": "GCE_ENDPOINT",
            "region": "us-west2",
            "self_link": "https://www.googleapis.com/compute/v1/projects/host-4502127/regions/us-west2/addresses/wusmw-vmseries01-nic2",
            "subnetwork": "https://www.googleapis.com/compute/v1/projects/host-4502127/regions/us-west2/subnetworks/trust-us-west2",
            "timeouts": null,
            "users": []
          },
          "sensitive_attributes": [],
          "private": "eyJlMmJmYjczMC1lY2FhLTExZTYtOGY4OC0zNDM2M2JjN2M0YzAiOnsiY3JlYXRlIjoyNDAwMDAwMDAwMDAsImRlbGV0ZSI6MjQwMDAwMDAwMDAwfX0=",
          "dependencies": [
            "data.google_compute_zones.main",
            "module.bootstrap.google_storage_bucket.bootstrap",
            "module.bootstrap.google_storage_bucket_object.config_empty",
            "module.bootstrap.google_storage_bucket_object.config_full",
            "module.bootstrap.google_storage_bucket_object.content_empty",
            "module.bootstrap.google_storage_bucket_object.content_full",
            "module.bootstrap.google_storage_bucket_object.license_empty",
            "module.bootstrap.google_storage_bucket_object.license_full",
            "module.bootstrap.google_storage_bucket_object.plugins_empty",
            "module.bootstrap.google_storage_bucket_object.plugins_full",
            "module.bootstrap.google_storage_bucket_object.software_empty",
            "module.bootstrap.google_storage_bucket_object.software_full",
            "module.bootstrap.local_file.authcodes",
            "module.bootstrap.random_string.randomstring",
            "module.vmseries.data.google_compute_subnetwork.main",
            "module.vpc_mgmt.google_compute_network.main",
            "module.vpc_mgmt.google_compute_subnetwork.main",
            "module.vpc_trust.google_compute_network.main",
            "module.vpc_trust.google_compute_subnetwork.main",
            "module.vpc_untrust.google_compute_network.main",
            "module.vpc_untrust.google_compute_subnetwork.main",
            "random_string.main"
          ]
        },
        {
          "index_key": "vmseries02-0",
          "schema_version": 0,
          "attributes": {
            "address": "10.0.1.3",
            "address_type": "INTERNAL",
            "creation_timestamp": "2021-11-30T17:20:55.389-08:00",
            "description": "",
            "id": "projects/host-4502127/regions/us-west2/addresses/wusmw-vmseries02-nic0",
            "name": "wusmw-vmseries02-nic0",
            "network": "",
            "network_tier": "PREMIUM",
            "prefix_length": 0,
            "project": "host-4502127",
            "purpose": "GCE_ENDPOINT",
            "region": "us-west2",
            "self_link": "https://www.googleapis.com/compute/v1/projects/host-4502127/regions/us-west2/addresses/wusmw-vmseries02-nic0",
            "subnetwork": "https://www.googleapis.com/compute/v1/projects/host-4502127/regions/us-west2/subnetworks/untrust-us-west2",
            "timeouts": null,
            "users": []
          },
          "sensitive_attributes": [],
          "private": "eyJlMmJmYjczMC1lY2FhLTExZTYtOGY4OC0zNDM2M2JjN2M0YzAiOnsiY3JlYXRlIjoyNDAwMDAwMDAwMDAsImRlbGV0ZSI6MjQwMDAwMDAwMDAwfX0=",
          "dependencies": [
            "data.google_compute_zones.main",
            "module.bootstrap.google_storage_bucket.bootstrap",
            "module.bootstrap.google_storage_bucket_object.config_empty",
            "module.bootstrap.google_storage_bucket_object.config_full",
            "module.bootstrap.google_storage_bucket_object.content_empty",
            "module.bootstrap.google_storage_bucket_object.content_full",
            "module.bootstrap.google_storage_bucket_object.license_empty",
            "module.bootstrap.google_storage_bucket_object.license_full",
            "module.bootstrap.google_storage_bucket_object.plugins_empty",
            "module.bootstrap.google_storage_bucket_object.plugins_full",
            "module.bootstrap.google_storage_bucket_object.software_empty",
            "module.bootstrap.google_storage_bucket_object.software_full",
            "module.bootstrap.local_file.authcodes",
            "module.bootstrap.random_string.randomstring",
            "module.vmseries.data.google_compute_subnetwork.main",
            "module.vpc_mgmt.google_compute_network.main",
            "module.vpc_mgmt.google_compute_subnetwork.main",
            "module.vpc_trust.google_compute_network.main",
            "module.vpc_trust.google_compute_subnetwork.main",
            "module.vpc_untrust.google_compute_network.main",
            "module.vpc_untrust.google_compute_subnetwork.main",
            "random_string.main"
          ]
        },
        {
          "index_key": "vmseries02-1",
          "schema_version": 0,
          "attributes": {
            "address": "10.0.0.3",
            "address_type": "INTERNAL",
            "creation_timestamp": "2021-11-30T17:20:56.220-08:00",
            "description": "",
            "id": "projects/host-4502127/regions/us-west2/addresses/wusmw-vmseries02-nic1",
            "name": "wusmw-vmseries02-nic1",
            "network": "",
            "network_tier": "PREMIUM",
            "prefix_length": 0,
            "project": "host-4502127",
            "purpose": "GCE_ENDPOINT",
            "region": "us-west2",
            "self_link": "https://www.googleapis.com/compute/v1/projects/host-4502127/regions/us-west2/addresses/wusmw-vmseries02-nic1",
            "subnetwork": "https://www.googleapis.com/compute/v1/projects/host-4502127/regions/us-west2/subnetworks/mgmt-us-west2",
            "timeouts": null,
            "users": []
          },
          "sensitive_attributes": [],
          "private": "eyJlMmJmYjczMC1lY2FhLTExZTYtOGY4OC0zNDM2M2JjN2M0YzAiOnsiY3JlYXRlIjoyNDAwMDAwMDAwMDAsImRlbGV0ZSI6MjQwMDAwMDAwMDAwfX0=",
          "dependencies": [
            "data.google_compute_zones.main",
            "module.bootstrap.google_storage_bucket.bootstrap",
            "module.bootstrap.google_storage_bucket_object.config_empty",
            "module.bootstrap.google_storage_bucket_object.config_full",
            "module.bootstrap.google_storage_bucket_object.content_empty",
            "module.bootstrap.google_storage_bucket_object.content_full",
            "module.bootstrap.google_storage_bucket_object.license_empty",
            "module.bootstrap.google_storage_bucket_object.license_full",
            "module.bootstrap.google_storage_bucket_object.plugins_empty",
            "module.bootstrap.google_storage_bucket_object.plugins_full",
            "module.bootstrap.google_storage_bucket_object.software_empty",
            "module.bootstrap.google_storage_bucket_object.software_full",
            "module.bootstrap.local_file.authcodes",
            "module.bootstrap.random_string.randomstring",
            "module.vmseries.data.google_compute_subnetwork.main",
            "module.vpc_mgmt.google_compute_network.main",
            "module.vpc_mgmt.google_compute_subnetwork.main",
            "module.vpc_trust.google_compute_network.main",
            "module.vpc_trust.google_compute_subnetwork.main",
            "module.vpc_untrust.google_compute_network.main",
            "module.vpc_untrust.google_compute_subnetwork.main",
            "random_string.main"
          ]
        },
        {
          "index_key": "vmseries02-2",
          "schema_version": 0,
          "attributes": {
            "address": "10.0.2.3",
            "address_type": "INTERNAL",
            "creation_timestamp": "2021-11-30T17:20:53.472-08:00",
            "description": "",
            "id": "projects/host-4502127/regions/us-west2/addresses/wusmw-vmseries02-nic2",
            "name": "wusmw-vmseries02-nic2",
            "network": "",
            "network_tier": "PREMIUM",
            "prefix_length": 0,
            "project": "host-4502127",
            "purpose": "GCE_ENDPOINT",
            "region": "us-west2",
            "self_link": "https://www.googleapis.com/compute/v1/projects/host-4502127/regions/us-west2/addresses/wusmw-vmseries02-nic2",
            "subnetwork": "https://www.googleapis.com/compute/v1/projects/host-4502127/regions/us-west2/subnetworks/trust-us-west2",
            "timeouts": null,
            "users": []
          },
          "sensitive_attributes": [],
          "private": "eyJlMmJmYjczMC1lY2FhLTExZTYtOGY4OC0zNDM2M2JjN2M0YzAiOnsiY3JlYXRlIjoyNDAwMDAwMDAwMDAsImRlbGV0ZSI6MjQwMDAwMDAwMDAwfX0=",
          "dependencies": [
            "data.google_compute_zones.main",
            "module.bootstrap.google_storage_bucket.bootstrap",
            "module.bootstrap.google_storage_bucket_object.config_empty",
            "module.bootstrap.google_storage_bucket_object.config_full",
            "module.bootstrap.google_storage_bucket_object.content_empty",
            "module.bootstrap.google_storage_bucket_object.content_full",
            "module.bootstrap.google_storage_bucket_object.license_empty",
            "module.bootstrap.google_storage_bucket_object.license_full",
            "module.bootstrap.google_storage_bucket_object.plugins_empty",
            "module.bootstrap.google_storage_bucket_object.plugins_full",
            "module.bootstrap.google_storage_bucket_object.software_empty",
            "module.bootstrap.google_storage_bucket_object.software_full",
            "module.bootstrap.local_file.authcodes",
            "module.bootstrap.random_string.randomstring",
            "module.vmseries.data.google_compute_subnetwork.main",
            "module.vpc_mgmt.google_compute_network.main",
            "module.vpc_mgmt.google_compute_subnetwork.main",
            "module.vpc_trust.google_compute_network.main",
            "module.vpc_trust.google_compute_subnetwork.main",
            "module.vpc_untrust.google_compute_network.main",
            "module.vpc_untrust.google_compute_subnetwork.main",
            "random_string.main"
          ]
        }
      ]
    },
    {
      "module": "module.vmseries",
      "mode": "managed",
      "type": "google_compute_address",
      "name": "public",
      "provider": "provider[\"registry.terraform.io/hashicorp/google\"]",
      "instances": [
        {
          "index_key": "vmseries01-0",
          "schema_version": 0,
          "attributes": {
            "address": "34.94.102.153",
            "address_type": "EXTERNAL",
            "creation_timestamp": "2021-11-30T17:20:53.494-08:00",
            "description": "",
            "id": "projects/host-4502127/regions/us-west2/addresses/wusmw-vmseries01-nic0-public",
            "name": "wusmw-vmseries01-nic0-public",
            "network": "",
            "network_tier": "PREMIUM",
            "prefix_length": 0,
            "project": "host-4502127",
            "purpose": "",
            "region": "us-west2",
            "self_link": "https://www.googleapis.com/compute/v1/projects/host-4502127/regions/us-west2/addresses/wusmw-vmseries01-nic0-public",
            "subnetwork": "",
            "timeouts": null,
            "users": []
          },
          "sensitive_attributes": [],
          "private": "eyJlMmJmYjczMC1lY2FhLTExZTYtOGY4OC0zNDM2M2JjN2M0YzAiOnsiY3JlYXRlIjoyNDAwMDAwMDAwMDAsImRlbGV0ZSI6MjQwMDAwMDAwMDAwfX0=",
          "dependencies": [
            "data.google_compute_zones.main",
            "module.bootstrap.google_storage_bucket.bootstrap",
            "module.bootstrap.google_storage_bucket_object.config_empty",
            "module.bootstrap.google_storage_bucket_object.config_full",
            "module.bootstrap.google_storage_bucket_object.content_empty",
            "module.bootstrap.google_storage_bucket_object.content_full",
            "module.bootstrap.google_storage_bucket_object.license_empty",
            "module.bootstrap.google_storage_bucket_object.license_full",
            "module.bootstrap.google_storage_bucket_object.plugins_empty",
            "module.bootstrap.google_storage_bucket_object.plugins_full",
            "module.bootstrap.google_storage_bucket_object.software_empty",
            "module.bootstrap.google_storage_bucket_object.software_full",
            "module.bootstrap.local_file.authcodes",
            "module.bootstrap.random_string.randomstring",
            "module.vmseries.data.google_compute_subnetwork.main",
            "module.vpc_mgmt.google_compute_network.main",
            "module.vpc_mgmt.google_compute_subnetwork.main",
            "module.vpc_trust.google_compute_network.main",
            "module.vpc_trust.google_compute_subnetwork.main",
            "module.vpc_untrust.google_compute_network.main",
            "module.vpc_untrust.google_compute_subnetwork.main",
            "random_string.main"
          ]
        },
        {
          "index_key": "vmseries01-1",
          "schema_version": 0,
          "attributes": {
            "address": "34.94.231.229",
            "address_type": "EXTERNAL",
            "creation_timestamp": "2021-11-30T17:20:53.480-08:00",
            "description": "",
            "id": "projects/host-4502127/regions/us-west2/addresses/wusmw-vmseries01-nic1-public",
            "name": "wusmw-vmseries01-nic1-public",
            "network": "",
            "network_tier": "PREMIUM",
            "prefix_length": 0,
            "project": "host-4502127",
            "purpose": "",
            "region": "us-west2",
            "self_link": "https://www.googleapis.com/compute/v1/projects/host-4502127/regions/us-west2/addresses/wusmw-vmseries01-nic1-public",
            "subnetwork": "",
            "timeouts": null,
            "users": []
          },
          "sensitive_attributes": [],
          "private": "eyJlMmJmYjczMC1lY2FhLTExZTYtOGY4OC0zNDM2M2JjN2M0YzAiOnsiY3JlYXRlIjoyNDAwMDAwMDAwMDAsImRlbGV0ZSI6MjQwMDAwMDAwMDAwfX0=",
          "dependencies": [
            "data.google_compute_zones.main",
            "module.bootstrap.google_storage_bucket.bootstrap",
            "module.bootstrap.google_storage_bucket_object.config_empty",
            "module.bootstrap.google_storage_bucket_object.config_full",
            "module.bootstrap.google_storage_bucket_object.content_empty",
            "module.bootstrap.google_storage_bucket_object.content_full",
            "module.bootstrap.google_storage_bucket_object.license_empty",
            "module.bootstrap.google_storage_bucket_object.license_full",
            "module.bootstrap.google_storage_bucket_object.plugins_empty",
            "module.bootstrap.google_storage_bucket_object.plugins_full",
            "module.bootstrap.google_storage_bucket_object.software_empty",
            "module.bootstrap.google_storage_bucket_object.software_full",
            "module.bootstrap.local_file.authcodes",
            "module.bootstrap.random_string.randomstring",
            "module.vmseries.data.google_compute_subnetwork.main",
            "module.vpc_mgmt.google_compute_network.main",
            "module.vpc_mgmt.google_compute_subnetwork.main",
            "module.vpc_trust.google_compute_network.main",
            "module.vpc_trust.google_compute_subnetwork.main",
            "module.vpc_untrust.google_compute_network.main",
            "module.vpc_untrust.google_compute_subnetwork.main",
            "random_string.main"
          ]
        },
        {
          "index_key": "vmseries02-0",
          "schema_version": 0,
          "attributes": {
            "address": "35.236.116.204",
            "address_type": "EXTERNAL",
            "creation_timestamp": "2021-11-30T17:21:05.666-08:00",
            "description": "",
            "id": "projects/host-4502127/regions/us-west2/addresses/wusmw-vmseries02-nic0-public",
            "name": "wusmw-vmseries02-nic0-public",
            "network": "",
            "network_tier": "PREMIUM",
            "prefix_length": 0,
            "project": "host-4502127",
            "purpose": "",
            "region": "us-west2",
            "self_link": "https://www.googleapis.com/compute/v1/projects/host-4502127/regions/us-west2/addresses/wusmw-vmseries02-nic0-public",
            "subnetwork": "",
            "timeouts": null,
            "users": []
          },
          "sensitive_attributes": [],
          "private": "eyJlMmJmYjczMC1lY2FhLTExZTYtOGY4OC0zNDM2M2JjN2M0YzAiOnsiY3JlYXRlIjoyNDAwMDAwMDAwMDAsImRlbGV0ZSI6MjQwMDAwMDAwMDAwfX0=",
          "dependencies": [
            "data.google_compute_zones.main",
            "module.bootstrap.google_storage_bucket.bootstrap",
            "module.bootstrap.google_storage_bucket_object.config_empty",
            "module.bootstrap.google_storage_bucket_object.config_full",
            "module.bootstrap.google_storage_bucket_object.content_empty",
            "module.bootstrap.google_storage_bucket_object.content_full",
            "module.bootstrap.google_storage_bucket_object.license_empty",
            "module.bootstrap.google_storage_bucket_object.license_full",
            "module.bootstrap.google_storage_bucket_object.plugins_empty",
            "module.bootstrap.google_storage_bucket_object.plugins_full",
            "module.bootstrap.google_storage_bucket_object.software_empty",
            "module.bootstrap.google_storage_bucket_object.software_full",
            "module.bootstrap.local_file.authcodes",
            "module.bootstrap.random_string.randomstring",
            "module.vmseries.data.google_compute_subnetwork.main",
            "module.vpc_mgmt.google_compute_network.main",
            "module.vpc_mgmt.google_compute_subnetwork.main",
            "module.vpc_trust.google_compute_network.main",
            "module.vpc_trust.google_compute_subnetwork.main",
            "module.vpc_untrust.google_compute_network.main",
            "module.vpc_untrust.google_compute_subnetwork.main",
            "random_string.main"
          ]
        },
        {
          "index_key": "vmseries02-1",
          "schema_version": 0,
          "attributes": {
            "address": "34.94.191.255",
            "address_type": "EXTERNAL",
            "creation_timestamp": "2021-11-30T17:20:53.370-08:00",
            "description": "",
            "id": "projects/host-4502127/regions/us-west2/addresses/wusmw-vmseries02-nic1-public",
            "name": "wusmw-vmseries02-nic1-public",
            "network": "",
            "network_tier": "PREMIUM",
            "prefix_length": 0,
            "project": "host-4502127",
            "purpose": "",
            "region": "us-west2",
            "self_link": "https://www.googleapis.com/compute/v1/projects/host-4502127/regions/us-west2/addresses/wusmw-vmseries02-nic1-public",
            "subnetwork": "",
            "timeouts": null,
            "users": []
          },
          "sensitive_attributes": [],
          "private": "eyJlMmJmYjczMC1lY2FhLTExZTYtOGY4OC0zNDM2M2JjN2M0YzAiOnsiY3JlYXRlIjoyNDAwMDAwMDAwMDAsImRlbGV0ZSI6MjQwMDAwMDAwMDAwfX0=",
          "dependencies": [
            "data.google_compute_zones.main",
            "module.bootstrap.google_storage_bucket.bootstrap",
            "module.bootstrap.google_storage_bucket_object.config_empty",
            "module.bootstrap.google_storage_bucket_object.config_full",
            "module.bootstrap.google_storage_bucket_object.content_empty",
            "module.bootstrap.google_storage_bucket_object.content_full",
            "module.bootstrap.google_storage_bucket_object.license_empty",
            "module.bootstrap.google_storage_bucket_object.license_full",
            "module.bootstrap.google_storage_bucket_object.plugins_empty",
            "module.bootstrap.google_storage_bucket_object.plugins_full",
            "module.bootstrap.google_storage_bucket_object.software_empty",
            "module.bootstrap.google_storage_bucket_object.software_full",
            "module.bootstrap.local_file.authcodes",
            "module.bootstrap.random_string.randomstring",
            "module.vmseries.data.google_compute_subnetwork.main",
            "module.vpc_mgmt.google_compute_network.main",
            "module.vpc_mgmt.google_compute_subnetwork.main",
            "module.vpc_trust.google_compute_network.main",
            "module.vpc_trust.google_compute_subnetwork.main",
            "module.vpc_untrust.google_compute_network.main",
            "module.vpc_untrust.google_compute_subnetwork.main",
            "random_string.main"
          ]
        }
      ]
    },
    {
      "module": "module.vmseries",
      "mode": "managed",
      "type": "google_compute_instance",
      "name": "main",
      "provider": "provider[\"registry.terraform.io/hashicorp/google\"]",
      "instances": [
        {
          "index_key": "vmseries01",
          "schema_version": 6,
          "attributes": {
            "advanced_machine_features": [],
            "allow_stopping_for_update": true,
            "attached_disk": [],
            "boot_disk": [
              {
                "auto_delete": true,
                "device_name": "persistent-disk-0",
                "disk_encryption_key_raw": "",
                "disk_encryption_key_sha256": "",
                "initialize_params": [
                  {
                    "image": "https://www.googleapis.com/compute/v1/projects/paloaltonetworksgcp-public/global/images/vmseries-flex-bundle2-1010",
                    "labels": {},
                    "size": 60,
                    "type": "pd-ssd"
                  }
                ],
                "kms_key_self_link": "",
                "mode": "READ_WRITE",
                "source": "https://www.googleapis.com/compute/v1/projects/host-4502127/zones/us-west2-a/disks/wusmw-vmseries01"
              }
            ],
            "can_ip_forward": true,
            "confidential_instance_config": [],
            "cpu_platform": "Intel Broadwell",
            "current_status": "RUNNING",
            "deletion_protection": false,
            "description": "",
            "desired_status": null,
            "enable_display": false,
            "guest_accelerator": [],
            "hostname": "",
            "id": "projects/host-4502127/zones/us-west2-a/instances/wusmw-vmseries01",
            "instance_id": "8650699517631099105",
            "label_fingerprint": "42WmSpB8rSM=",
            "labels": null,
            "machine_type": "n1-standard-4",
            "metadata": {
              "mgmt-interface-swap": "enable",
              "serial-port-enable": "true",
              "ssh-keys": "admin:ssh-rsa AAAAB3NzaC1yc2EAAAADAQABAAABgQC6vfWuxOIVkfcEHlA96jW5s6EDxmyc3tDIfuuRiB5ACUXlqDurUVdbSXoeP94R5q2o2ig79krAQ5jF+puq49/Fz8SXYLOcrzcqpP8x9gMt+Q1ODQACOuME7T28D95H8y898zkXrgE2fYdA3QVPdFb/rFnDZ7Bgbm9lZ7+2HDHf6FOCFkjUeh9r32wyJcxbAycNlDlIHJlJEzUBZYBEcgJT32UdlidLSNknovSUIy8+QvA1v+hSsg0S2oG0RA6nzHq51SvARTc63SMHa3Bv4w1myH2WR8B+SZVB3GLa8P9D89o6PDfRQVTfxO9eJWOX9iMiN4Dv0IWVVkqFSRTzIEw14s4cUcTDEwXMN3kJDU+3ya36bZqF6omXI9yt8QzrFeol67v61Dujp/Q8dDr2OMxzfcUpIOdIBhQBCJr/SF9tSlxuEZupryyvg7wxXGXqW8zK0fu2rgMM2iAjbljOrT3WYAhW5m10GV6tiE3hN6Q/qoUCRgeu4Nor8z9ZoubJIhc= gcp-demo\n",
              "vmseries-bootstrap-gce-storagebucket": "vmseries-demo-bootstrap833c7bdld585vi60szjhdsjc1"
            },
            "metadata_fingerprint": "96r2gSY22jM=",
            "metadata_startup_script": "",
            "min_cpu_platform": "Intel Broadwell",
            "name": "wusmw-vmseries01",
            "network_interface": [
              {
                "access_config": [
                  {
                    "nat_ip": "34.94.102.153",
                    "network_tier": "PREMIUM",
                    "public_ptr_domain_name": ""
                  }
                ],
                "alias_ip_range": [],
                "ipv6_access_config": [],
                "ipv6_access_type": "",
                "name": "nic0",
                "network": "https://www.googleapis.com/compute/v1/projects/host-4502127/global/networks/wusmw-untrust-vpc",
                "network_ip": "10.0.1.2",
                "nic_type": "",
                "stack_type": "IPV4_ONLY",
                "subnetwork": "https://www.googleapis.com/compute/v1/projects/host-4502127/regions/us-west2/subnetworks/untrust-us-west2",
                "subnetwork_project": "host-4502127"
              },
              {
                "access_config": [
                  {
                    "nat_ip": "34.94.231.229",
                    "network_tier": "PREMIUM",
                    "public_ptr_domain_name": ""
                  }
                ],
                "alias_ip_range": [],
                "ipv6_access_config": [],
                "ipv6_access_type": "",
                "name": "nic1",
                "network": "https://www.googleapis.com/compute/v1/projects/host-4502127/global/networks/wusmw-mgmt-vpc",
                "network_ip": "10.0.0.2",
                "nic_type": "",
                "stack_type": "IPV4_ONLY",
                "subnetwork": "https://www.googleapis.com/compute/v1/projects/host-4502127/regions/us-west2/subnetworks/mgmt-us-west2",
                "subnetwork_project": "host-4502127"
              },
              {
                "access_config": [],
                "alias_ip_range": [],
                "ipv6_access_config": [],
                "ipv6_access_type": "",
                "name": "nic2",
                "network": "https://www.googleapis.com/compute/v1/projects/host-4502127/global/networks/wusmw-trust-vpc",
                "network_ip": "10.0.2.2",
                "nic_type": "",
                "stack_type": "IPV4_ONLY",
                "subnetwork": "https://www.googleapis.com/compute/v1/projects/host-4502127/regions/us-west2/subnetworks/trust-us-west2",
                "subnetwork_project": "host-4502127"
              }
            ],
            "project": "host-4502127",
            "reservation_affinity": [],
            "resource_policies": [],
            "scheduling": [
              {
                "automatic_restart": true,
                "min_node_cpus": 0,
                "node_affinities": [],
                "on_host_maintenance": "MIGRATE",
                "preemptible": false
              }
            ],
            "scratch_disk": [],
            "self_link": "https://www.googleapis.com/compute/v1/projects/host-4502127/zones/us-west2-a/instances/wusmw-vmseries01",
            "service_account": [
              {
                "email": "357308197253-compute@developer.gserviceaccount.com",
                "scopes": [
                  "https://www.googleapis.com/auth/cloud.useraccounts.readonly",
                  "https://www.googleapis.com/auth/compute.readonly",
                  "https://www.googleapis.com/auth/devstorage.read_only",
                  "https://www.googleapis.com/auth/logging.write",
                  "https://www.googleapis.com/auth/monitoring.write"
                ]
              }
            ],
            "shielded_instance_config": [],
            "tags": null,
            "tags_fingerprint": "42WmSpB8rSM=",
            "timeouts": null,
            "zone": "us-west2-a"
          },
          "sensitive_attributes": [],
          "private": "eyJlMmJmYjczMC1lY2FhLTExZTYtOGY4OC0zNDM2M2JjN2M0YzAiOnsiY3JlYXRlIjoxMjAwMDAwMDAwMDAwLCJkZWxldGUiOjEyMDAwMDAwMDAwMDAsInVwZGF0ZSI6MTIwMDAwMDAwMDAwMH0sInNjaGVtYV92ZXJzaW9uIjoiNiJ9",
          "dependencies": [
            "data.google_compute_zones.main",
            "module.bootstrap.google_storage_bucket.bootstrap",
            "module.bootstrap.google_storage_bucket_object.config_empty",
            "module.bootstrap.google_storage_bucket_object.config_full",
            "module.bootstrap.google_storage_bucket_object.content_empty",
            "module.bootstrap.google_storage_bucket_object.content_full",
            "module.bootstrap.google_storage_bucket_object.license_empty",
            "module.bootstrap.google_storage_bucket_object.license_full",
            "module.bootstrap.google_storage_bucket_object.plugins_empty",
            "module.bootstrap.google_storage_bucket_object.plugins_full",
            "module.bootstrap.google_storage_bucket_object.software_empty",
            "module.bootstrap.google_storage_bucket_object.software_full",
            "module.bootstrap.local_file.authcodes",
            "module.bootstrap.random_string.randomstring",
            "module.vmseries.data.google_compute_subnetwork.main",
            "module.vmseries.google_compute_address.private",
            "module.vmseries.google_compute_address.public",
            "module.vpc_mgmt.google_compute_network.main",
            "module.vpc_mgmt.google_compute_subnetwork.main",
            "module.vpc_trust.google_compute_network.main",
            "module.vpc_trust.google_compute_subnetwork.main",
            "module.vpc_untrust.google_compute_network.main",
            "module.vpc_untrust.google_compute_subnetwork.main",
            "random_string.main"
          ]
        },
        {
          "index_key": "vmseries02",
          "schema_version": 6,
          "attributes": {
            "advanced_machine_features": [],
            "allow_stopping_for_update": true,
            "attached_disk": [],
            "boot_disk": [
              {
                "auto_delete": true,
                "device_name": "persistent-disk-0",
                "disk_encryption_key_raw": "",
                "disk_encryption_key_sha256": "",
                "initialize_params": [
                  {
                    "image": "https://www.googleapis.com/compute/v1/projects/paloaltonetworksgcp-public/global/images/vmseries-flex-bundle2-1010",
                    "labels": {},
                    "size": 60,
                    "type": "pd-ssd"
                  }
                ],
                "kms_key_self_link": "",
                "mode": "READ_WRITE",
                "source": "https://www.googleapis.com/compute/v1/projects/host-4502127/zones/us-west2-a/disks/wusmw-vmseries02"
              }
            ],
            "can_ip_forward": true,
            "confidential_instance_config": [],
            "cpu_platform": "Intel Broadwell",
            "current_status": "RUNNING",
            "deletion_protection": false,
            "description": "",
            "desired_status": null,
            "enable_display": false,
            "guest_accelerator": [],
            "hostname": "",
            "id": "projects/host-4502127/zones/us-west2-a/instances/wusmw-vmseries02",
            "instance_id": "5953028480249327841",
            "label_fingerprint": "42WmSpB8rSM=",
            "labels": null,
            "machine_type": "n1-standard-4",
            "metadata": {
              "mgmt-interface-swap": "enable",
              "serial-port-enable": "true",
              "ssh-keys": "admin:ssh-rsa AAAAB3NzaC1yc2EAAAADAQABAAABgQC6vfWuxOIVkfcEHlA96jW5s6EDxmyc3tDIfuuRiB5ACUXlqDurUVdbSXoeP94R5q2o2ig79krAQ5jF+puq49/Fz8SXYLOcrzcqpP8x9gMt+Q1ODQACOuME7T28D95H8y898zkXrgE2fYdA3QVPdFb/rFnDZ7Bgbm9lZ7+2HDHf6FOCFkjUeh9r32wyJcxbAycNlDlIHJlJEzUBZYBEcgJT32UdlidLSNknovSUIy8+QvA1v+hSsg0S2oG0RA6nzHq51SvARTc63SMHa3Bv4w1myH2WR8B+SZVB3GLa8P9D89o6PDfRQVTfxO9eJWOX9iMiN4Dv0IWVVkqFSRTzIEw14s4cUcTDEwXMN3kJDU+3ya36bZqF6omXI9yt8QzrFeol67v61Dujp/Q8dDr2OMxzfcUpIOdIBhQBCJr/SF9tSlxuEZupryyvg7wxXGXqW8zK0fu2rgMM2iAjbljOrT3WYAhW5m10GV6tiE3hN6Q/qoUCRgeu4Nor8z9ZoubJIhc= gcp-demo\n",
              "vmseries-bootstrap-gce-storagebucket": "vmseries-demo-bootstrap833c7bdld585vi60szjhdsjc1"
            },
            "metadata_fingerprint": "96r2gSY22jM=",
            "metadata_startup_script": "",
            "min_cpu_platform": "Intel Broadwell",
            "name": "wusmw-vmseries02",
            "network_interface": [
              {
                "access_config": [
                  {
                    "nat_ip": "35.236.116.204",
                    "network_tier": "PREMIUM",
                    "public_ptr_domain_name": ""
                  }
                ],
                "alias_ip_range": [],
                "ipv6_access_config": [],
                "ipv6_access_type": "",
                "name": "nic0",
                "network": "https://www.googleapis.com/compute/v1/projects/host-4502127/global/networks/wusmw-untrust-vpc",
                "network_ip": "10.0.1.3",
                "nic_type": "",
                "stack_type": "IPV4_ONLY",
                "subnetwork": "https://www.googleapis.com/compute/v1/projects/host-4502127/regions/us-west2/subnetworks/untrust-us-west2",
                "subnetwork_project": "host-4502127"
              },
              {
                "access_config": [
                  {
                    "nat_ip": "34.94.191.255",
                    "network_tier": "PREMIUM",
                    "public_ptr_domain_name": ""
                  }
                ],
                "alias_ip_range": [],
                "ipv6_access_config": [],
                "ipv6_access_type": "",
                "name": "nic1",
                "network": "https://www.googleapis.com/compute/v1/projects/host-4502127/global/networks/wusmw-mgmt-vpc",
                "network_ip": "10.0.0.3",
                "nic_type": "",
                "stack_type": "IPV4_ONLY",
                "subnetwork": "https://www.googleapis.com/compute/v1/projects/host-4502127/regions/us-west2/subnetworks/mgmt-us-west2",
                "subnetwork_project": "host-4502127"
              },
              {
                "access_config": [],
                "alias_ip_range": [],
                "ipv6_access_config": [],
                "ipv6_access_type": "",
                "name": "nic2",
                "network": "https://www.googleapis.com/compute/v1/projects/host-4502127/global/networks/wusmw-trust-vpc",
                "network_ip": "10.0.2.3",
                "nic_type": "",
                "stack_type": "IPV4_ONLY",
                "subnetwork": "https://www.googleapis.com/compute/v1/projects/host-4502127/regions/us-west2/subnetworks/trust-us-west2",
                "subnetwork_project": "host-4502127"
              }
            ],
            "project": "host-4502127",
            "reservation_affinity": [],
            "resource_policies": [],
            "scheduling": [
              {
                "automatic_restart": true,
                "min_node_cpus": 0,
                "node_affinities": [],
                "on_host_maintenance": "MIGRATE",
                "preemptible": false
              }
            ],
            "scratch_disk": [],
            "self_link": "https://www.googleapis.com/compute/v1/projects/host-4502127/zones/us-west2-a/instances/wusmw-vmseries02",
            "service_account": [
              {
                "email": "357308197253-compute@developer.gserviceaccount.com",
                "scopes": [
                  "https://www.googleapis.com/auth/cloud.useraccounts.readonly",
                  "https://www.googleapis.com/auth/compute.readonly",
                  "https://www.googleapis.com/auth/devstorage.read_only",
                  "https://www.googleapis.com/auth/logging.write",
                  "https://www.googleapis.com/auth/monitoring.write"
                ]
              }
            ],
            "shielded_instance_config": [],
            "tags": null,
            "tags_fingerprint": "42WmSpB8rSM=",
            "timeouts": null,
            "zone": "us-west2-a"
          },
          "sensitive_attributes": [],
          "private": "eyJlMmJmYjczMC1lY2FhLTExZTYtOGY4OC0zNDM2M2JjN2M0YzAiOnsiY3JlYXRlIjoxMjAwMDAwMDAwMDAwLCJkZWxldGUiOjEyMDAwMDAwMDAwMDAsInVwZGF0ZSI6MTIwMDAwMDAwMDAwMH0sInNjaGVtYV92ZXJzaW9uIjoiNiJ9",
          "dependencies": [
            "data.google_compute_zones.main",
            "module.bootstrap.google_storage_bucket.bootstrap",
            "module.bootstrap.google_storage_bucket_object.config_empty",
            "module.bootstrap.google_storage_bucket_object.config_full",
            "module.bootstrap.google_storage_bucket_object.content_empty",
            "module.bootstrap.google_storage_bucket_object.content_full",
            "module.bootstrap.google_storage_bucket_object.license_empty",
            "module.bootstrap.google_storage_bucket_object.license_full",
            "module.bootstrap.google_storage_bucket_object.plugins_empty",
            "module.bootstrap.google_storage_bucket_object.plugins_full",
            "module.bootstrap.google_storage_bucket_object.software_empty",
            "module.bootstrap.google_storage_bucket_object.software_full",
            "module.bootstrap.local_file.authcodes",
            "module.bootstrap.random_string.randomstring",
            "module.vmseries.data.google_compute_subnetwork.main",
            "module.vmseries.google_compute_address.private",
            "module.vmseries.google_compute_address.public",
            "module.vpc_mgmt.google_compute_network.main",
            "module.vpc_mgmt.google_compute_subnetwork.main",
            "module.vpc_trust.google_compute_network.main",
            "module.vpc_trust.google_compute_subnetwork.main",
            "module.vpc_untrust.google_compute_network.main",
            "module.vpc_untrust.google_compute_subnetwork.main",
            "random_string.main"
          ]
        }
      ]
    },
    {
      "module": "module.vmseries",
      "mode": "managed",
      "type": "google_compute_instance_group",
      "name": "main",
      "provider": "provider[\"registry.terraform.io/hashicorp/google\"]",
      "instances": [
        {
          "index_key": "vmseries01",
          "schema_version": 2,
          "attributes": {
            "description": "",
            "id": "projects/host-4502127/zones/us-west2-a/instanceGroups/wusmw-vmseries01-us-west2-a-ig",
            "instances": [
              "https://www.googleapis.com/compute/v1/projects/host-4502127/zones/us-west2-a/instances/wusmw-vmseries01"
            ],
            "name": "wusmw-vmseries01-us-west2-a-ig",
            "named_port": [],
            "network": "https://www.googleapis.com/compute/v1/projects/host-4502127/global/networks/wusmw-untrust-vpc",
            "project": "host-4502127",
            "self_link": "https://www.googleapis.com/compute/v1/projects/host-4502127/zones/us-west2-a/instanceGroups/wusmw-vmseries01-us-west2-a-ig",
            "size": 1,
            "timeouts": null,
            "zone": "us-west2-a"
          },
          "sensitive_attributes": [],
          "private": "eyJlMmJmYjczMC1lY2FhLTExZTYtOGY4OC0zNDM2M2JjN2M0YzAiOnsiY3JlYXRlIjozNjAwMDAwMDAwMDAsImRlbGV0ZSI6MzYwMDAwMDAwMDAwLCJ1cGRhdGUiOjM2MDAwMDAwMDAwMH0sInNjaGVtYV92ZXJzaW9uIjoiMiJ9",
          "dependencies": [
            "data.google_compute_zones.main",
            "module.bootstrap.google_storage_bucket.bootstrap",
            "module.bootstrap.google_storage_bucket_object.config_empty",
            "module.bootstrap.google_storage_bucket_object.config_full",
            "module.bootstrap.google_storage_bucket_object.content_empty",
            "module.bootstrap.google_storage_bucket_object.content_full",
            "module.bootstrap.google_storage_bucket_object.license_empty",
            "module.bootstrap.google_storage_bucket_object.license_full",
            "module.bootstrap.google_storage_bucket_object.plugins_empty",
            "module.bootstrap.google_storage_bucket_object.plugins_full",
            "module.bootstrap.google_storage_bucket_object.software_empty",
            "module.bootstrap.google_storage_bucket_object.software_full",
            "module.bootstrap.local_file.authcodes",
            "module.bootstrap.random_string.randomstring",
            "module.vmseries.data.google_compute_subnetwork.main",
            "module.vmseries.google_compute_address.private",
            "module.vmseries.google_compute_address.public",
            "module.vmseries.google_compute_instance.main",
            "module.vpc_mgmt.google_compute_network.main",
            "module.vpc_mgmt.google_compute_subnetwork.main",
            "module.vpc_trust.google_compute_network.main",
            "module.vpc_trust.google_compute_subnetwork.main",
            "module.vpc_untrust.google_compute_network.main",
            "module.vpc_untrust.google_compute_subnetwork.main",
            "random_string.main"
          ]
        },
        {
          "index_key": "vmseries02",
          "schema_version": 2,
          "attributes": {
            "description": "",
            "id": "projects/host-4502127/zones/us-west2-a/instanceGroups/wusmw-vmseries02-us-west2-a-ig",
            "instances": [
              "https://www.googleapis.com/compute/v1/projects/host-4502127/zones/us-west2-a/instances/wusmw-vmseries02"
            ],
            "name": "wusmw-vmseries02-us-west2-a-ig",
            "named_port": [],
            "network": "https://www.googleapis.com/compute/v1/projects/host-4502127/global/networks/wusmw-untrust-vpc",
            "project": "host-4502127",
            "self_link": "https://www.googleapis.com/compute/v1/projects/host-4502127/zones/us-west2-a/instanceGroups/wusmw-vmseries02-us-west2-a-ig",
            "size": 1,
            "timeouts": null,
            "zone": "us-west2-a"
          },
          "sensitive_attributes": [],
          "private": "eyJlMmJmYjczMC1lY2FhLTExZTYtOGY4OC0zNDM2M2JjN2M0YzAiOnsiY3JlYXRlIjozNjAwMDAwMDAwMDAsImRlbGV0ZSI6MzYwMDAwMDAwMDAwLCJ1cGRhdGUiOjM2MDAwMDAwMDAwMH0sInNjaGVtYV92ZXJzaW9uIjoiMiJ9",
          "dependencies": [
            "data.google_compute_zones.main",
            "module.bootstrap.google_storage_bucket.bootstrap",
            "module.bootstrap.google_storage_bucket_object.config_empty",
            "module.bootstrap.google_storage_bucket_object.config_full",
            "module.bootstrap.google_storage_bucket_object.content_empty",
            "module.bootstrap.google_storage_bucket_object.content_full",
            "module.bootstrap.google_storage_bucket_object.license_empty",
            "module.bootstrap.google_storage_bucket_object.license_full",
            "module.bootstrap.google_storage_bucket_object.plugins_empty",
            "module.bootstrap.google_storage_bucket_object.plugins_full",
            "module.bootstrap.google_storage_bucket_object.software_empty",
            "module.bootstrap.google_storage_bucket_object.software_full",
            "module.bootstrap.local_file.authcodes",
            "module.bootstrap.random_string.randomstring",
            "module.vmseries.data.google_compute_subnetwork.main",
            "module.vmseries.google_compute_address.private",
            "module.vmseries.google_compute_address.public",
            "module.vmseries.google_compute_instance.main",
            "module.vpc_mgmt.google_compute_network.main",
            "module.vpc_mgmt.google_compute_subnetwork.main",
            "module.vpc_trust.google_compute_network.main",
            "module.vpc_trust.google_compute_subnetwork.main",
            "module.vpc_untrust.google_compute_network.main",
            "module.vpc_untrust.google_compute_subnetwork.main",
            "random_string.main"
          ]
        }
      ]
    },
    {
      "module": "module.vpc_mgmt",
      "mode": "managed",
      "type": "google_compute_firewall",
      "name": "main",
      "provider": "provider[\"registry.terraform.io/hashicorp/google\"]",
      "instances": [
        {
          "index_key": 0,
          "schema_version": 1,
          "attributes": {
            "allow": [
              {
                "ports": [
                  "443",
                  "22"
                ],
                "protocol": "TCP"
              }
            ],
            "creation_timestamp": "2021-11-30T17:20:07.721-08:00",
            "deny": [],
            "description": "",
            "destination_ranges": [],
            "direction": "INGRESS",
            "disabled": false,
            "enable_logging": null,
            "id": "projects/host-4502127/global/firewalls/wusmw-mgmt-vpc-ingress",
            "log_config": [],
            "name": "wusmw-mgmt-vpc-ingress",
            "network": "https://www.googleapis.com/compute/v1/projects/host-4502127/global/networks/wusmw-mgmt-vpc",
            "priority": 1000,
            "project": "host-4502127",
            "self_link": "https://www.googleapis.com/compute/v1/projects/host-4502127/global/firewalls/wusmw-mgmt-vpc-ingress",
            "source_ranges": [
              "0.0.0.0/0"
            ],
            "source_service_accounts": null,
            "source_tags": null,
            "target_service_accounts": null,
            "target_tags": null,
            "timeouts": null
          },
          "sensitive_attributes": [],
          "private": "eyJlMmJmYjczMC1lY2FhLTExZTYtOGY4OC0zNDM2M2JjN2M0YzAiOnsiY3JlYXRlIjoyNDAwMDAwMDAwMDAsImRlbGV0ZSI6MjQwMDAwMDAwMDAwLCJ1cGRhdGUiOjI0MDAwMDAwMDAwMH0sInNjaGVtYV92ZXJzaW9uIjoiMSJ9",
          "dependencies": [
            "module.vpc_mgmt.google_compute_network.main",
            "random_string.main"
          ]
        }
      ]
    },
    {
      "module": "module.vpc_mgmt",
      "mode": "managed",
      "type": "google_compute_network",
      "name": "main",
      "provider": "provider[\"registry.terraform.io/hashicorp/google\"]",
      "instances": [
        {
          "schema_version": 0,
          "attributes": {
            "auto_create_subnetworks": false,
            "delete_default_routes_on_create": false,
            "description": "",
            "gateway_ipv4": "",
            "id": "projects/host-4502127/global/networks/wusmw-mgmt-vpc",
            "mtu": 0,
            "name": "wusmw-mgmt-vpc",
            "project": "host-4502127",
            "routing_mode": "REGIONAL",
            "self_link": "https://www.googleapis.com/compute/v1/projects/host-4502127/global/networks/wusmw-mgmt-vpc",
            "timeouts": null
          },
          "sensitive_attributes": [],
          "private": "eyJlMmJmYjczMC1lY2FhLTExZTYtOGY4OC0zNDM2M2JjN2M0YzAiOnsiY3JlYXRlIjoyNDAwMDAwMDAwMDAsImRlbGV0ZSI6MjQwMDAwMDAwMDAwLCJ1cGRhdGUiOjI0MDAwMDAwMDAwMH19",
          "dependencies": [
            "random_string.main"
          ]
        }
      ]
    },
    {
      "module": "module.vpc_mgmt",
      "mode": "managed",
      "type": "google_compute_subnetwork",
      "name": "main",
      "provider": "provider[\"registry.terraform.io/hashicorp/google\"]",
      "instances": [
        {
          "index_key": "mgmt-us-west2",
          "schema_version": 0,
          "attributes": {
            "creation_timestamp": "2021-11-30T17:20:08.191-08:00",
            "description": "",
            "external_ipv6_prefix": "",
            "fingerprint": null,
            "gateway_address": "10.0.0.1",
            "id": "projects/host-4502127/regions/us-west2/subnetworks/mgmt-us-west2",
            "ip_cidr_range": "10.0.0.0/28",
            "ipv6_access_type": "",
            "ipv6_cidr_range": "",
            "log_config": [],
            "name": "mgmt-us-west2",
            "network": "https://www.googleapis.com/compute/v1/projects/host-4502127/global/networks/wusmw-mgmt-vpc",
            "private_ip_google_access": false,
            "private_ipv6_google_access": "DISABLE_GOOGLE_ACCESS",
            "project": "host-4502127",
            "purpose": "PRIVATE",
            "region": "us-west2",
            "role": "",
            "secondary_ip_range": [],
            "self_link": "https://www.googleapis.com/compute/v1/projects/host-4502127/regions/us-west2/subnetworks/mgmt-us-west2",
            "stack_type": "IPV4_ONLY",
            "timeouts": null
          },
          "sensitive_attributes": [],
          "private": "eyJlMmJmYjczMC1lY2FhLTExZTYtOGY4OC0zNDM2M2JjN2M0YzAiOnsiY3JlYXRlIjozNjAwMDAwMDAwMDAsImRlbGV0ZSI6MzYwMDAwMDAwMDAwLCJ1cGRhdGUiOjM2MDAwMDAwMDAwMH19",
          "dependencies": [
            "module.vpc_mgmt.google_compute_network.main",
            "random_string.main"
          ]
        }
      ]
    },
    {
      "module": "module.vpc_spoke1",
      "mode": "managed",
      "type": "google_compute_firewall",
      "name": "main",
      "provider": "provider[\"registry.terraform.io/hashicorp/google\"]",
      "instances": [
        {
          "index_key": 0,
          "schema_version": 1,
          "attributes": {
            "allow": [
              {
                "ports": [],
                "protocol": "all"
              }
            ],
            "creation_timestamp": "2021-11-30T17:20:19.705-08:00",
            "deny": [],
            "description": "",
            "destination_ranges": [],
            "direction": "INGRESS",
            "disabled": false,
            "enable_logging": null,
            "id": "projects/host-4502127/global/firewalls/wusmw-spoke1-vpc-ingress",
            "log_config": [],
            "name": "wusmw-spoke1-vpc-ingress",
            "network": "https://www.googleapis.com/compute/v1/projects/host-4502127/global/networks/wusmw-spoke1-vpc",
            "priority": 1000,
            "project": "host-4502127",
            "self_link": "https://www.googleapis.com/compute/v1/projects/host-4502127/global/firewalls/wusmw-spoke1-vpc-ingress",
            "source_ranges": [
              "0.0.0.0/0"
            ],
            "source_service_accounts": null,
            "source_tags": null,
            "target_service_accounts": null,
            "target_tags": null,
            "timeouts": null
          },
          "sensitive_attributes": [],
          "private": "eyJlMmJmYjczMC1lY2FhLTExZTYtOGY4OC0zNDM2M2JjN2M0YzAiOnsiY3JlYXRlIjoyNDAwMDAwMDAwMDAsImRlbGV0ZSI6MjQwMDAwMDAwMDAwLCJ1cGRhdGUiOjI0MDAwMDAwMDAwMH0sInNjaGVtYV92ZXJzaW9uIjoiMSJ9",
          "dependencies": [
            "module.vpc_spoke1.google_compute_network.main",
            "random_string.main"
          ]
        }
      ]
    },
    {
      "module": "module.vpc_spoke1",
      "mode": "managed",
      "type": "google_compute_network",
      "name": "main",
      "provider": "provider[\"registry.terraform.io/hashicorp/google\"]",
      "instances": [
        {
          "schema_version": 0,
          "attributes": {
            "auto_create_subnetworks": false,
            "delete_default_routes_on_create": true,
            "description": "",
            "gateway_ipv4": "",
            "id": "projects/host-4502127/global/networks/wusmw-spoke1-vpc",
            "mtu": 0,
            "name": "wusmw-spoke1-vpc",
            "project": "host-4502127",
            "routing_mode": "REGIONAL",
            "self_link": "https://www.googleapis.com/compute/v1/projects/host-4502127/global/networks/wusmw-spoke1-vpc",
            "timeouts": null
          },
          "sensitive_attributes": [],
          "private": "eyJlMmJmYjczMC1lY2FhLTExZTYtOGY4OC0zNDM2M2JjN2M0YzAiOnsiY3JlYXRlIjoyNDAwMDAwMDAwMDAsImRlbGV0ZSI6MjQwMDAwMDAwMDAwLCJ1cGRhdGUiOjI0MDAwMDAwMDAwMH19",
          "dependencies": [
            "random_string.main"
          ]
        }
      ]
    },
    {
      "module": "module.vpc_spoke1",
      "mode": "managed",
      "type": "google_compute_subnetwork",
      "name": "main",
      "provider": "provider[\"registry.terraform.io/hashicorp/google\"]",
      "instances": [
        {
          "index_key": "spoke1-us-west2",
          "schema_version": 0,
          "attributes": {
            "creation_timestamp": "2021-11-30T17:20:19.953-08:00",
            "description": "",
            "external_ipv6_prefix": "",
            "fingerprint": null,
            "gateway_address": "10.1.0.1",
            "id": "projects/host-4502127/regions/us-west2/subnetworks/spoke1-us-west2",
            "ip_cidr_range": "10.1.0.0/28",
            "ipv6_access_type": "",
            "ipv6_cidr_range": "",
            "log_config": [],
            "name": "spoke1-us-west2",
            "network": "https://www.googleapis.com/compute/v1/projects/host-4502127/global/networks/wusmw-spoke1-vpc",
            "private_ip_google_access": false,
            "private_ipv6_google_access": "DISABLE_GOOGLE_ACCESS",
            "project": "host-4502127",
            "purpose": "PRIVATE",
            "region": "us-west2",
            "role": "",
            "secondary_ip_range": [],
            "self_link": "https://www.googleapis.com/compute/v1/projects/host-4502127/regions/us-west2/subnetworks/spoke1-us-west2",
            "stack_type": "IPV4_ONLY",
            "timeouts": null
          },
          "sensitive_attributes": [],
          "private": "eyJlMmJmYjczMC1lY2FhLTExZTYtOGY4OC0zNDM2M2JjN2M0YzAiOnsiY3JlYXRlIjozNjAwMDAwMDAwMDAsImRlbGV0ZSI6MzYwMDAwMDAwMDAwLCJ1cGRhdGUiOjM2MDAwMDAwMDAwMH19",
          "dependencies": [
            "module.vpc_spoke1.google_compute_network.main",
            "random_string.main"
          ]
        }
      ]
    },
    {
      "module": "module.vpc_spoke2",
      "mode": "managed",
      "type": "google_compute_firewall",
      "name": "main",
      "provider": "provider[\"registry.terraform.io/hashicorp/google\"]",
      "instances": [
        {
          "index_key": 0,
          "schema_version": 1,
          "attributes": {
            "allow": [
              {
                "ports": [],
                "protocol": "all"
              }
            ],
            "creation_timestamp": "2021-11-30T17:20:09.054-08:00",
            "deny": [],
            "description": "",
            "destination_ranges": [],
            "direction": "INGRESS",
            "disabled": false,
            "enable_logging": null,
            "id": "projects/host-4502127/global/firewalls/wusmw-spoke2-vpc-ingress",
            "log_config": [],
            "name": "wusmw-spoke2-vpc-ingress",
            "network": "https://www.googleapis.com/compute/v1/projects/host-4502127/global/networks/wusmw-spoke2-vpc",
            "priority": 1000,
            "project": "host-4502127",
            "self_link": "https://www.googleapis.com/compute/v1/projects/host-4502127/global/firewalls/wusmw-spoke2-vpc-ingress",
            "source_ranges": [
              "0.0.0.0/0"
            ],
            "source_service_accounts": null,
            "source_tags": null,
            "target_service_accounts": null,
            "target_tags": null,
            "timeouts": null
          },
          "sensitive_attributes": [],
          "private": "eyJlMmJmYjczMC1lY2FhLTExZTYtOGY4OC0zNDM2M2JjN2M0YzAiOnsiY3JlYXRlIjoyNDAwMDAwMDAwMDAsImRlbGV0ZSI6MjQwMDAwMDAwMDAwLCJ1cGRhdGUiOjI0MDAwMDAwMDAwMH0sInNjaGVtYV92ZXJzaW9uIjoiMSJ9",
          "dependencies": [
            "module.vpc_spoke2.google_compute_network.main",
            "random_string.main"
          ]
        }
      ]
    },
    {
      "module": "module.vpc_spoke2",
      "mode": "managed",
      "type": "google_compute_network",
      "name": "main",
      "provider": "provider[\"registry.terraform.io/hashicorp/google\"]",
      "instances": [
        {
          "schema_version": 0,
          "attributes": {
            "auto_create_subnetworks": false,
            "delete_default_routes_on_create": true,
            "description": "",
            "gateway_ipv4": "",
            "id": "projects/host-4502127/global/networks/wusmw-spoke2-vpc",
            "mtu": 0,
            "name": "wusmw-spoke2-vpc",
            "project": "host-4502127",
            "routing_mode": "REGIONAL",
            "self_link": "https://www.googleapis.com/compute/v1/projects/host-4502127/global/networks/wusmw-spoke2-vpc",
            "timeouts": null
          },
          "sensitive_attributes": [],
          "private": "eyJlMmJmYjczMC1lY2FhLTExZTYtOGY4OC0zNDM2M2JjN2M0YzAiOnsiY3JlYXRlIjoyNDAwMDAwMDAwMDAsImRlbGV0ZSI6MjQwMDAwMDAwMDAwLCJ1cGRhdGUiOjI0MDAwMDAwMDAwMH19",
          "dependencies": [
            "random_string.main"
          ]
        }
      ]
    },
    {
      "module": "module.vpc_spoke2",
      "mode": "managed",
      "type": "google_compute_subnetwork",
      "name": "main",
      "provider": "provider[\"registry.terraform.io/hashicorp/google\"]",
      "instances": [
        {
          "index_key": "spoke2-us-west2",
          "schema_version": 0,
          "attributes": {
            "creation_timestamp": "2021-11-30T17:20:09.440-08:00",
            "description": "",
            "external_ipv6_prefix": "",
            "fingerprint": null,
            "gateway_address": "10.2.0.1",
            "id": "projects/host-4502127/regions/us-west2/subnetworks/spoke2-us-west2",
            "ip_cidr_range": "10.2.0.0/28",
            "ipv6_access_type": "",
            "ipv6_cidr_range": "",
            "log_config": [],
            "name": "spoke2-us-west2",
            "network": "https://www.googleapis.com/compute/v1/projects/host-4502127/global/networks/wusmw-spoke2-vpc",
            "private_ip_google_access": false,
            "private_ipv6_google_access": "DISABLE_GOOGLE_ACCESS",
            "project": "host-4502127",
            "purpose": "PRIVATE",
            "region": "us-west2",
            "role": "",
            "secondary_ip_range": [],
            "self_link": "https://www.googleapis.com/compute/v1/projects/host-4502127/regions/us-west2/subnetworks/spoke2-us-west2",
            "stack_type": "IPV4_ONLY",
            "timeouts": null
          },
          "sensitive_attributes": [],
          "private": "eyJlMmJmYjczMC1lY2FhLTExZTYtOGY4OC0zNDM2M2JjN2M0YzAiOnsiY3JlYXRlIjozNjAwMDAwMDAwMDAsImRlbGV0ZSI6MzYwMDAwMDAwMDAwLCJ1cGRhdGUiOjM2MDAwMDAwMDAwMH19",
          "dependencies": [
            "module.vpc_spoke2.google_compute_network.main",
            "random_string.main"
          ]
        }
      ]
    },
    {
      "module": "module.vpc_trust",
      "mode": "managed",
      "type": "google_compute_firewall",
      "name": "main",
      "provider": "provider[\"registry.terraform.io/hashicorp/google\"]",
      "instances": [
        {
          "index_key": 0,
          "schema_version": 1,
          "attributes": {
            "allow": [
              {
                "ports": [],
                "protocol": "all"
              }
            ],
            "creation_timestamp": "2021-11-30T17:20:09.188-08:00",
            "deny": [],
            "description": "",
            "destination_ranges": [],
            "direction": "INGRESS",
            "disabled": false,
            "enable_logging": null,
            "id": "projects/host-4502127/global/firewalls/wusmw-trust-vpc-ingress",
            "log_config": [],
            "name": "wusmw-trust-vpc-ingress",
            "network": "https://www.googleapis.com/compute/v1/projects/host-4502127/global/networks/wusmw-trust-vpc",
            "priority": 1000,
            "project": "host-4502127",
            "self_link": "https://www.googleapis.com/compute/v1/projects/host-4502127/global/firewalls/wusmw-trust-vpc-ingress",
            "source_ranges": [
              "0.0.0.0/0"
            ],
            "source_service_accounts": null,
            "source_tags": null,
            "target_service_accounts": null,
            "target_tags": null,
            "timeouts": null
          },
          "sensitive_attributes": [],
          "private": "eyJlMmJmYjczMC1lY2FhLTExZTYtOGY4OC0zNDM2M2JjN2M0YzAiOnsiY3JlYXRlIjoyNDAwMDAwMDAwMDAsImRlbGV0ZSI6MjQwMDAwMDAwMDAwLCJ1cGRhdGUiOjI0MDAwMDAwMDAwMH0sInNjaGVtYV92ZXJzaW9uIjoiMSJ9",
          "dependencies": [
            "module.vpc_trust.google_compute_network.main",
            "random_string.main"
          ]
        }
      ]
    },
    {
      "module": "module.vpc_trust",
      "mode": "managed",
      "type": "google_compute_network",
      "name": "main",
      "provider": "provider[\"registry.terraform.io/hashicorp/google\"]",
      "instances": [
        {
          "schema_version": 0,
          "attributes": {
            "auto_create_subnetworks": false,
            "delete_default_routes_on_create": true,
            "description": "",
            "gateway_ipv4": "",
            "id": "projects/host-4502127/global/networks/wusmw-trust-vpc",
            "mtu": 0,
            "name": "wusmw-trust-vpc",
            "project": "host-4502127",
            "routing_mode": "REGIONAL",
            "self_link": "https://www.googleapis.com/compute/v1/projects/host-4502127/global/networks/wusmw-trust-vpc",
            "timeouts": null
          },
          "sensitive_attributes": [],
          "private": "eyJlMmJmYjczMC1lY2FhLTExZTYtOGY4OC0zNDM2M2JjN2M0YzAiOnsiY3JlYXRlIjoyNDAwMDAwMDAwMDAsImRlbGV0ZSI6MjQwMDAwMDAwMDAwLCJ1cGRhdGUiOjI0MDAwMDAwMDAwMH19",
          "dependencies": [
            "random_string.main"
          ]
        }
      ]
    },
    {
      "module": "module.vpc_trust",
      "mode": "managed",
      "type": "google_compute_subnetwork",
      "name": "main",
      "provider": "provider[\"registry.terraform.io/hashicorp/google\"]",
      "instances": [
        {
          "index_key": "trust-us-west2",
          "schema_version": 0,
          "attributes": {
            "creation_timestamp": "2021-11-30T17:20:09.462-08:00",
            "description": "",
            "external_ipv6_prefix": "",
            "fingerprint": null,
            "gateway_address": "10.0.2.1",
            "id": "projects/host-4502127/regions/us-west2/subnetworks/trust-us-west2",
            "ip_cidr_range": "10.0.2.0/28",
            "ipv6_access_type": "",
            "ipv6_cidr_range": "",
            "log_config": [],
            "name": "trust-us-west2",
            "network": "https://www.googleapis.com/compute/v1/projects/host-4502127/global/networks/wusmw-trust-vpc",
            "private_ip_google_access": false,
            "private_ipv6_google_access": "DISABLE_GOOGLE_ACCESS",
            "project": "host-4502127",
            "purpose": "PRIVATE",
            "region": "us-west2",
            "role": "",
            "secondary_ip_range": [],
            "self_link": "https://www.googleapis.com/compute/v1/projects/host-4502127/regions/us-west2/subnetworks/trust-us-west2",
            "stack_type": "IPV4_ONLY",
            "timeouts": null
          },
          "sensitive_attributes": [],
          "private": "eyJlMmJmYjczMC1lY2FhLTExZTYtOGY4OC0zNDM2M2JjN2M0YzAiOnsiY3JlYXRlIjozNjAwMDAwMDAwMDAsImRlbGV0ZSI6MzYwMDAwMDAwMDAwLCJ1cGRhdGUiOjM2MDAwMDAwMDAwMH19",
          "dependencies": [
            "module.vpc_trust.google_compute_network.main",
            "random_string.main"
          ]
        }
      ]
    },
    {
      "module": "module.vpc_untrust",
      "mode": "managed",
      "type": "google_compute_firewall",
      "name": "main",
      "provider": "provider[\"registry.terraform.io/hashicorp/google\"]",
      "instances": [
        {
          "index_key": 0,
          "schema_version": 1,
          "attributes": {
            "allow": [
              {
                "ports": [],
                "protocol": "all"
              }
            ],
            "creation_timestamp": "2021-11-30T17:20:07.745-08:00",
            "deny": [],
            "description": "",
            "destination_ranges": [],
            "direction": "INGRESS",
            "disabled": false,
            "enable_logging": null,
            "id": "projects/host-4502127/global/firewalls/wusmw-untrust-vpc-ingress",
            "log_config": [],
            "name": "wusmw-untrust-vpc-ingress",
            "network": "https://www.googleapis.com/compute/v1/projects/host-4502127/global/networks/wusmw-untrust-vpc",
            "priority": 1000,
            "project": "host-4502127",
            "self_link": "https://www.googleapis.com/compute/v1/projects/host-4502127/global/firewalls/wusmw-untrust-vpc-ingress",
            "source_ranges": [
              "0.0.0.0/0"
            ],
            "source_service_accounts": null,
            "source_tags": null,
            "target_service_accounts": null,
            "target_tags": null,
            "timeouts": null
          },
          "sensitive_attributes": [],
          "private": "eyJlMmJmYjczMC1lY2FhLTExZTYtOGY4OC0zNDM2M2JjN2M0YzAiOnsiY3JlYXRlIjoyNDAwMDAwMDAwMDAsImRlbGV0ZSI6MjQwMDAwMDAwMDAwLCJ1cGRhdGUiOjI0MDAwMDAwMDAwMH0sInNjaGVtYV92ZXJzaW9uIjoiMSJ9",
          "dependencies": [
            "module.vpc_untrust.google_compute_network.main",
            "random_string.main"
          ]
        }
      ]
    },
    {
      "module": "module.vpc_untrust",
      "mode": "managed",
      "type": "google_compute_network",
      "name": "main",
      "provider": "provider[\"registry.terraform.io/hashicorp/google\"]",
      "instances": [
        {
          "schema_version": 0,
          "attributes": {
            "auto_create_subnetworks": false,
            "delete_default_routes_on_create": false,
            "description": "",
            "gateway_ipv4": "",
            "id": "projects/host-4502127/global/networks/wusmw-untrust-vpc",
            "mtu": 0,
            "name": "wusmw-untrust-vpc",
            "project": "host-4502127",
            "routing_mode": "REGIONAL",
            "self_link": "https://www.googleapis.com/compute/v1/projects/host-4502127/global/networks/wusmw-untrust-vpc",
            "timeouts": null
          },
          "sensitive_attributes": [],
          "private": "eyJlMmJmYjczMC1lY2FhLTExZTYtOGY4OC0zNDM2M2JjN2M0YzAiOnsiY3JlYXRlIjoyNDAwMDAwMDAwMDAsImRlbGV0ZSI6MjQwMDAwMDAwMDAwLCJ1cGRhdGUiOjI0MDAwMDAwMDAwMH19",
          "dependencies": [
            "random_string.main"
          ]
        }
      ]
    },
    {
      "module": "module.vpc_untrust",
      "mode": "managed",
      "type": "google_compute_subnetwork",
      "name": "main",
      "provider": "provider[\"registry.terraform.io/hashicorp/google\"]",
      "instances": [
        {
          "index_key": "untrust-us-west2",
          "schema_version": 0,
          "attributes": {
            "creation_timestamp": "2021-11-30T17:20:08.202-08:00",
            "description": "",
            "external_ipv6_prefix": "",
            "fingerprint": null,
            "gateway_address": "10.0.1.1",
            "id": "projects/host-4502127/regions/us-west2/subnetworks/untrust-us-west2",
            "ip_cidr_range": "10.0.1.0/28",
            "ipv6_access_type": "",
            "ipv6_cidr_range": "",
            "log_config": [],
            "name": "untrust-us-west2",
            "network": "https://www.googleapis.com/compute/v1/projects/host-4502127/global/networks/wusmw-untrust-vpc",
            "private_ip_google_access": false,
            "private_ipv6_google_access": "DISABLE_GOOGLE_ACCESS",
            "project": "host-4502127",
            "purpose": "PRIVATE",
            "region": "us-west2",
            "role": "",
            "secondary_ip_range": [],
            "self_link": "https://www.googleapis.com/compute/v1/projects/host-4502127/regions/us-west2/subnetworks/untrust-us-west2",
            "stack_type": "IPV4_ONLY",
            "timeouts": null
          },
          "sensitive_attributes": [],
          "private": "eyJlMmJmYjczMC1lY2FhLTExZTYtOGY4OC0zNDM2M2JjN2M0YzAiOnsiY3JlYXRlIjozNjAwMDAwMDAwMDAsImRlbGV0ZSI6MzYwMDAwMDAwMDAwLCJ1cGRhdGUiOjM2MDAwMDAwMDAwMH19",
          "dependencies": [
            "module.vpc_untrust.google_compute_network.main",
            "random_string.main"
          ]
        }
      ]
    }
  ]
}
